// !$*UTF8*$!
{
	archiveVersion = 1;
	classes = {
	};
	objectVersion = 46;
	objects = {

/* Begin PBXBuildFile section */
		D75BB8471F0BBB1F008127D6 /* AppDelegate.swift in Sources */ = {isa = PBXBuildFile; fileRef = D75BB8461F0BBB1F008127D6 /* AppDelegate.swift */; };
		D75BB8491F0BBB1F008127D6 /* ViewController.swift in Sources */ = {isa = PBXBuildFile; fileRef = D75BB8481F0BBB1F008127D6 /* ViewController.swift */; };
		D75BB84C1F0BBB1F008127D6 /* Main.storyboard in Resources */ = {isa = PBXBuildFile; fileRef = D75BB84A1F0BBB1F008127D6 /* Main.storyboard */; };
		D75BB84E1F0BBB1F008127D6 /* Assets.xcassets in Resources */ = {isa = PBXBuildFile; fileRef = D75BB84D1F0BBB1F008127D6 /* Assets.xcassets */; };
		D75BB8511F0BBB1F008127D6 /* LaunchScreen.storyboard in Resources */ = {isa = PBXBuildFile; fileRef = D75BB84F1F0BBB1F008127D6 /* LaunchScreen.storyboard */; };
		D75BB85C1F0BBB1F008127D6 /* MySeriesTests.swift in Sources */ = {isa = PBXBuildFile; fileRef = D75BB85B1F0BBB1F008127D6 /* MySeriesTests.swift */; };
		D75BB8671F0BBB20008127D6 /* MySeriesUITests.swift in Sources */ = {isa = PBXBuildFile; fileRef = D75BB8661F0BBB20008127D6 /* MySeriesUITests.swift */; };
/* End PBXBuildFile section */

/* Begin PBXContainerItemProxy section */
		D75BB8581F0BBB1F008127D6 /* PBXContainerItemProxy */ = {
			isa = PBXContainerItemProxy;
			containerPortal = D75BB83B1F0BBB1F008127D6 /* Project object */;
			proxyType = 1;
			remoteGlobalIDString = D75BB8421F0BBB1F008127D6;
			remoteInfo = MySeries;
		};
		D75BB8631F0BBB20008127D6 /* PBXContainerItemProxy */ = {
			isa = PBXContainerItemProxy;
			containerPortal = D75BB83B1F0BBB1F008127D6 /* Project object */;
			proxyType = 1;
			remoteGlobalIDString = D75BB8421F0BBB1F008127D6;
			remoteInfo = MySeries;
		};
/* End PBXContainerItemProxy section */

/* Begin PBXFileReference section */
		D75BB8431F0BBB1F008127D6 /* MySeries.app */ = {isa = PBXFileReference; explicitFileType = wrapper.application; includeInIndex = 0; path = MySeries.app; sourceTree = BUILT_PRODUCTS_DIR; };
		D75BB8461F0BBB1F008127D6 /* AppDelegate.swift */ = {isa = PBXFileReference; lastKnownFileType = sourcecode.swift; path = AppDelegate.swift; sourceTree = "<group>"; };
		D75BB8481F0BBB1F008127D6 /* ViewController.swift */ = {isa = PBXFileReference; lastKnownFileType = sourcecode.swift; path = ViewController.swift; sourceTree = "<group>"; };
		D75BB84B1F0BBB1F008127D6 /* Base */ = {isa = PBXFileReference; lastKnownFileType = file.storyboard; name = Base; path = Base.lproj/Main.storyboard; sourceTree = "<group>"; };
		D75BB84D1F0BBB1F008127D6 /* Assets.xcassets */ = {isa = PBXFileReference; lastKnownFileType = folder.assetcatalog; path = Assets.xcassets; sourceTree = "<group>"; };
		D75BB8501F0BBB1F008127D6 /* Base */ = {isa = PBXFileReference; lastKnownFileType = file.storyboard; name = Base; path = Base.lproj/LaunchScreen.storyboard; sourceTree = "<group>"; };
		D75BB8521F0BBB1F008127D6 /* Info.plist */ = {isa = PBXFileReference; lastKnownFileType = text.plist.xml; path = Info.plist; sourceTree = "<group>"; };
		D75BB8571F0BBB1F008127D6 /* MySeriesTests.xctest */ = {isa = PBXFileReference; explicitFileType = wrapper.cfbundle; includeInIndex = 0; path = MySeriesTests.xctest; sourceTree = BUILT_PRODUCTS_DIR; };
		D75BB85B1F0BBB1F008127D6 /* MySeriesTests.swift */ = {isa = PBXFileReference; lastKnownFileType = sourcecode.swift; path = MySeriesTests.swift; sourceTree = "<group>"; };
		D75BB85D1F0BBB1F008127D6 /* Info.plist */ = {isa = PBXFileReference; lastKnownFileType = text.plist.xml; path = Info.plist; sourceTree = "<group>"; };
		D75BB8621F0BBB20008127D6 /* MySeriesUITests.xctest */ = {isa = PBXFileReference; explicitFileType = wrapper.cfbundle; includeInIndex = 0; path = MySeriesUITests.xctest; sourceTree = BUILT_PRODUCTS_DIR; };
		D75BB8661F0BBB20008127D6 /* MySeriesUITests.swift */ = {isa = PBXFileReference; lastKnownFileType = sourcecode.swift; path = MySeriesUITests.swift; sourceTree = "<group>"; };
		D75BB8681F0BBB20008127D6 /* Info.plist */ = {isa = PBXFileReference; lastKnownFileType = text.plist.xml; path = Info.plist; sourceTree = "<group>"; };
/* End PBXFileReference section */

/* Begin PBXFrameworksBuildPhase section */
		D75BB8401F0BBB1F008127D6 /* Frameworks */ = {
			isa = PBXFrameworksBuildPhase;
			buildActionMask = 2147483647;
			files = (
			);
			runOnlyForDeploymentPostprocessing = 0;
		};
		D75BB8541F0BBB1F008127D6 /* Frameworks */ = {
			isa = PBXFrameworksBuildPhase;
			buildActionMask = 2147483647;
			files = (
			);
			runOnlyForDeploymentPostprocessing = 0;
		};
		D75BB85F1F0BBB20008127D6 /* Frameworks */ = {
			isa = PBXFrameworksBuildPhase;
			buildActionMask = 2147483647;
			files = (
			);
			runOnlyForDeploymentPostprocessing = 0;
		};
/* End PBXFrameworksBuildPhase section */

/* Begin PBXGroup section */
		D75BB83A1F0BBB1F008127D6 = {
			isa = PBXGroup;
			children = (
				D75BB8451F0BBB1F008127D6 /* MySeries */,
				D75BB85A1F0BBB1F008127D6 /* MySeriesTests */,
				D75BB8651F0BBB20008127D6 /* MySeriesUITests */,
				D75BB8441F0BBB1F008127D6 /* Products */,
			);
			sourceTree = "<group>";
		};
		D75BB8441F0BBB1F008127D6 /* Products */ = {
			isa = PBXGroup;
			children = (
				D75BB8431F0BBB1F008127D6 /* MySeries.app */,
				D75BB8571F0BBB1F008127D6 /* MySeriesTests.xctest */,
				D75BB8621F0BBB20008127D6 /* MySeriesUITests.xctest */,
			);
			name = Products;
			sourceTree = "<group>";
		};
		D75BB8451F0BBB1F008127D6 /* MySeries */ = {
			isa = PBXGroup;
			children = (
				D75BB8461F0BBB1F008127D6 /* AppDelegate.swift */,
				D75BB8481F0BBB1F008127D6 /* ViewController.swift */,
				D75BB84A1F0BBB1F008127D6 /* Main.storyboard */,
				D75BB84D1F0BBB1F008127D6 /* Assets.xcassets */,
				D75BB84F1F0BBB1F008127D6 /* LaunchScreen.storyboard */,
				D75BB8521F0BBB1F008127D6 /* Info.plist */,
			);
			path = MySeries;
			sourceTree = "<group>";
		};
		D75BB85A1F0BBB1F008127D6 /* MySeriesTests */ = {
			isa = PBXGroup;
			children = (
				D75BB85B1F0BBB1F008127D6 /* MySeriesTests.swift */,
				D75BB85D1F0BBB1F008127D6 /* Info.plist */,
			);
			path = MySeriesTests;
			sourceTree = "<group>";
		};
		D75BB8651F0BBB20008127D6 /* MySeriesUITests */ = {
			isa = PBXGroup;
			children = (
				D75BB8661F0BBB20008127D6 /* MySeriesUITests.swift */,
				D75BB8681F0BBB20008127D6 /* Info.plist */,
			);
			path = MySeriesUITests;
			sourceTree = "<group>";
		};
/* End PBXGroup section */

/* Begin PBXNativeTarget section */
		D75BB8421F0BBB1F008127D6 /* MySeries */ = {
			isa = PBXNativeTarget;
			buildConfigurationList = D75BB86B1F0BBB20008127D6 /* Build configuration list for PBXNativeTarget "MySeries" */;
			buildPhases = (
				D75BB83F1F0BBB1F008127D6 /* Sources */,
				D75BB8401F0BBB1F008127D6 /* Frameworks */,
				D75BB8411F0BBB1F008127D6 /* Resources */,
			);
			buildRules = (
			);
			dependencies = (
			);
			name = MySeries;
			productName = MySeries;
			productReference = D75BB8431F0BBB1F008127D6 /* MySeries.app */;
			productType = "com.apple.product-type.application";
		};
		D75BB8561F0BBB1F008127D6 /* MySeriesTests */ = {
			isa = PBXNativeTarget;
			buildConfigurationList = D75BB86E1F0BBB20008127D6 /* Build configuration list for PBXNativeTarget "MySeriesTests" */;
			buildPhases = (
				D75BB8531F0BBB1F008127D6 /* Sources */,
				D75BB8541F0BBB1F008127D6 /* Frameworks */,
				D75BB8551F0BBB1F008127D6 /* Resources */,
			);
			buildRules = (
			);
			dependencies = (
				D75BB8591F0BBB1F008127D6 /* PBXTargetDependency */,
			);
			name = MySeriesTests;
			productName = MySeriesTests;
			productReference = D75BB8571F0BBB1F008127D6 /* MySeriesTests.xctest */;
			productType = "com.apple.product-type.bundle.unit-test";
		};
		D75BB8611F0BBB20008127D6 /* MySeriesUITests */ = {
			isa = PBXNativeTarget;
			buildConfigurationList = D75BB8711F0BBB20008127D6 /* Build configuration list for PBXNativeTarget "MySeriesUITests" */;
			buildPhases = (
				D75BB85E1F0BBB20008127D6 /* Sources */,
				D75BB85F1F0BBB20008127D6 /* Frameworks */,
				D75BB8601F0BBB20008127D6 /* Resources */,
			);
			buildRules = (
			);
			dependencies = (
				D75BB8641F0BBB20008127D6 /* PBXTargetDependency */,
			);
			name = MySeriesUITests;
			productName = MySeriesUITests;
			productReference = D75BB8621F0BBB20008127D6 /* MySeriesUITests.xctest */;
			productType = "com.apple.product-type.bundle.ui-testing";
		};
/* End PBXNativeTarget section */

/* Begin PBXProject section */
		D75BB83B1F0BBB1F008127D6 /* Project object */ = {
			isa = PBXProject;
			attributes = {
				LastSwiftUpdateCheck = 0830;
				LastUpgradeCheck = 0830;
				ORGANIZATIONNAME = Wooba;
				TargetAttributes = {
					D75BB8421F0BBB1F008127D6 = {
						CreatedOnToolsVersion = 8.3.3;
						DevelopmentTeam = Y799YUNDK5;
						ProvisioningStyle = Automatic;
					};
					D75BB8561F0BBB1F008127D6 = {
						CreatedOnToolsVersion = 8.3.3;
						DevelopmentTeam = Y799YUNDK5;
						ProvisioningStyle = Automatic;
						TestTargetID = D75BB8421F0BBB1F008127D6;
					};
					D75BB8611F0BBB20008127D6 = {
						CreatedOnToolsVersion = 8.3.3;
						DevelopmentTeam = Y799YUNDK5;
						ProvisioningStyle = Automatic;
						TestTargetID = D75BB8421F0BBB1F008127D6;
					};
				};
			};
			buildConfigurationList = D75BB83E1F0BBB1F008127D6 /* Build configuration list for PBXProject "MySeries" */;
			compatibilityVersion = "Xcode 3.2";
			developmentRegion = English;
			hasScannedForEncodings = 0;
			knownRegions = (
				en,
				Base,
			);
			mainGroup = D75BB83A1F0BBB1F008127D6;
			productRefGroup = D75BB8441F0BBB1F008127D6 /* Products */;
			projectDirPath = "";
			projectRoot = "";
			targets = (
				D75BB8421F0BBB1F008127D6 /* MySeries */,
				D75BB8561F0BBB1F008127D6 /* MySeriesTests */,
				D75BB8611F0BBB20008127D6 /* MySeriesUITests */,
			);
		};
/* End PBXProject section */

/* Begin PBXResourcesBuildPhase section */
		D75BB8411F0BBB1F008127D6 /* Resources */ = {
			isa = PBXResourcesBuildPhase;
			buildActionMask = 2147483647;
			files = (
				D75BB8511F0BBB1F008127D6 /* LaunchScreen.storyboard in Resources */,
				D75BB84E1F0BBB1F008127D6 /* Assets.xcassets in Resources */,
				D75BB84C1F0BBB1F008127D6 /* Main.storyboard in Resources */,
			);
			runOnlyForDeploymentPostprocessing = 0;
		};
		D75BB8551F0BBB1F008127D6 /* Resources */ = {
			isa = PBXResourcesBuildPhase;
			buildActionMask = 2147483647;
			files = (
			);
			runOnlyForDeploymentPostprocessing = 0;
		};
		D75BB8601F0BBB20008127D6 /* Resources */ = {
			isa = PBXResourcesBuildPhase;
			buildActionMask = 2147483647;
			files = (
			);
			runOnlyForDeploymentPostprocessing = 0;
		};
/* End PBXResourcesBuildPhase section */

/* Begin PBXSourcesBuildPhase section */
		D75BB83F1F0BBB1F008127D6 /* Sources */ = {
			isa = PBXSourcesBuildPhase;
			buildActionMask = 2147483647;
			files = (
				D75BB8491F0BBB1F008127D6 /* ViewController.swift in Sources */,
				D75BB8471F0BBB1F008127D6 /* AppDelegate.swift in Sources */,
			);
			runOnlyForDeploymentPostprocessing = 0;
		};
		D75BB8531F0BBB1F008127D6 /* Sources */ = {
			isa = PBXSourcesBuildPhase;
			buildActionMask = 2147483647;
			files = (
				D75BB85C1F0BBB1F008127D6 /* MySeriesTests.swift in Sources */,
			);
			runOnlyForDeploymentPostprocessing = 0;
		};
		D75BB85E1F0BBB20008127D6 /* Sources */ = {
			isa = PBXSourcesBuildPhase;
			buildActionMask = 2147483647;
			files = (
				D75BB8671F0BBB20008127D6 /* MySeriesUITests.swift in Sources */,
			);
			runOnlyForDeploymentPostprocessing = 0;
		};
/* End PBXSourcesBuildPhase section */

/* Begin PBXTargetDependency section */
		D75BB8591F0BBB1F008127D6 /* PBXTargetDependency */ = {
			isa = PBXTargetDependency;
			target = D75BB8421F0BBB1F008127D6 /* MySeries */;
			targetProxy = D75BB8581F0BBB1F008127D6 /* PBXContainerItemProxy */;
		};
		D75BB8641F0BBB20008127D6 /* PBXTargetDependency */ = {
			isa = PBXTargetDependency;
			target = D75BB8421F0BBB1F008127D6 /* MySeries */;
			targetProxy = D75BB8631F0BBB20008127D6 /* PBXContainerItemProxy */;
		};
/* End PBXTargetDependency section */

/* Begin PBXVariantGroup section */
		D75BB84A1F0BBB1F008127D6 /* Main.storyboard */ = {
			isa = PBXVariantGroup;
			children = (
				D75BB84B1F0BBB1F008127D6 /* Base */,
			);
			name = Main.storyboard;
			sourceTree = "<group>";
		};
		D75BB84F1F0BBB1F008127D6 /* LaunchScreen.storyboard */ = {
			isa = PBXVariantGroup;
			children = (
				D75BB8501F0BBB1F008127D6 /* Base */,
			);
			name = LaunchScreen.storyboard;
			sourceTree = "<group>";
		};
/* End PBXVariantGroup section */

/* Begin XCBuildConfiguration section */
		D75BB8691F0BBB20008127D6 /* Debug */ = {
			isa = XCBuildConfiguration;
			buildSettings = {
				ALWAYS_SEARCH_USER_PATHS = NO;
				CLANG_ANALYZER_NONNULL = YES;
				CLANG_ANALYZER_NUMBER_OBJECT_CONVERSION = YES_AGGRESSIVE;
				CLANG_CXX_LANGUAGE_STANDARD = "gnu++0x";
				CLANG_CXX_LIBRARY = "libc++";
				CLANG_ENABLE_MODULES = YES;
				CLANG_ENABLE_OBJC_ARC = YES;
				CLANG_WARN_BOOL_CONVERSION = YES;
				CLANG_WARN_CONSTANT_CONVERSION = YES;
				CLANG_WARN_DIRECT_OBJC_ISA_USAGE = YES_ERROR;
				CLANG_WARN_DOCUMENTATION_COMMENTS = YES;
				CLANG_WARN_EMPTY_BODY = YES;
				CLANG_WARN_ENUM_CONVERSION = YES;
				CLANG_WARN_INFINITE_RECURSION = YES;
				CLANG_WARN_INT_CONVERSION = YES;
				CLANG_WARN_OBJC_ROOT_CLASS = YES_ERROR;
				CLANG_WARN_SUSPICIOUS_MOVE = YES;
				CLANG_WARN_UNREACHABLE_CODE = YES;
				CLANG_WARN__DUPLICATE_METHOD_MATCH = YES;
				"CODE_SIGN_IDENTITY[sdk=iphoneos*]" = "iPhone Developer";
				COPY_PHASE_STRIP = NO;
				DEBUG_INFORMATION_FORMAT = dwarf;
				ENABLE_STRICT_OBJC_MSGSEND = YES;
				ENABLE_TESTABILITY = YES;
				GCC_C_LANGUAGE_STANDARD = gnu99;
				GCC_DYNAMIC_NO_PIC = NO;
				GCC_NO_COMMON_BLOCKS = YES;
				GCC_OPTIMIZATION_LEVEL = 0;
				GCC_PREPROCESSOR_DEFINITIONS = (
					"DEBUG=1",
					"$(inherited)",
				);
				GCC_WARN_64_TO_32_BIT_CONVERSION = YES;
				GCC_WARN_ABOUT_RETURN_TYPE = YES_ERROR;
				GCC_WARN_UNDECLARED_SELECTOR = YES;
				GCC_WARN_UNINITIALIZED_AUTOS = YES_AGGRESSIVE;
				GCC_WARN_UNUSED_FUNCTION = YES;
				GCC_WARN_UNUSED_VARIABLE = YES;
				IPHONEOS_DEPLOYMENT_TARGET = 10.3;
				MTL_ENABLE_DEBUG_INFO = YES;
				ONLY_ACTIVE_ARCH = YES;
				SDKROOT = iphoneos;
				SWIFT_ACTIVE_COMPILATION_CONDITIONS = DEBUG;
				SWIFT_OPTIMIZATION_LEVEL = "-Onone";
				TARGETED_DEVICE_FAMILY = "1,2";
			};
			name = Debug;
		};
		D75BB86A1F0BBB20008127D6 /* Release */ = {
			isa = XCBuildConfiguration;
			buildSettings = {
				ALWAYS_SEARCH_USER_PATHS = NO;
				CLANG_ANALYZER_NONNULL = YES;
				CLANG_ANALYZER_NUMBER_OBJECT_CONVERSION = YES_AGGRESSIVE;
				CLANG_CXX_LANGUAGE_STANDARD = "gnu++0x";
				CLANG_CXX_LIBRARY = "libc++";
				CLANG_ENABLE_MODULES = YES;
				CLANG_ENABLE_OBJC_ARC = YES;
				CLANG_WARN_BOOL_CONVERSION = YES;
				CLANG_WARN_CONSTANT_CONVERSION = YES;
				CLANG_WARN_DIRECT_OBJC_ISA_USAGE = YES_ERROR;
				CLANG_WARN_DOCUMENTATION_COMMENTS = YES;
				CLANG_WARN_EMPTY_BODY = YES;
				CLANG_WARN_ENUM_CONVERSION = YES;
				CLANG_WARN_INFINITE_RECURSION = YES;
				CLANG_WARN_INT_CONVERSION = YES;
				CLANG_WARN_OBJC_ROOT_CLASS = YES_ERROR;
				CLANG_WARN_SUSPICIOUS_MOVE = YES;
				CLANG_WARN_UNREACHABLE_CODE = YES;
				CLANG_WARN__DUPLICATE_METHOD_MATCH = YES;
				"CODE_SIGN_IDENTITY[sdk=iphoneos*]" = "iPhone Developer";
				COPY_PHASE_STRIP = NO;
				DEBUG_INFORMATION_FORMAT = "dwarf-with-dsym";
				ENABLE_NS_ASSERTIONS = NO;
				ENABLE_STRICT_OBJC_MSGSEND = YES;
				GCC_C_LANGUAGE_STANDARD = gnu99;
				GCC_NO_COMMON_BLOCKS = YES;
				GCC_WARN_64_TO_32_BIT_CONVERSION = YES;
				GCC_WARN_ABOUT_RETURN_TYPE = YES_ERROR;
				GCC_WARN_UNDECLARED_SELECTOR = YES;
				GCC_WARN_UNINITIALIZED_AUTOS = YES_AGGRESSIVE;
				GCC_WARN_UNUSED_FUNCTION = YES;
				GCC_WARN_UNUSED_VARIABLE = YES;
				IPHONEOS_DEPLOYMENT_TARGET = 10.3;
				MTL_ENABLE_DEBUG_INFO = NO;
				SDKROOT = iphoneos;
				SWIFT_OPTIMIZATION_LEVEL = "-Owholemodule";
				TARGETED_DEVICE_FAMILY = "1,2";
				VALIDATE_PRODUCT = YES;
			};
			name = Release;
		};
		D75BB86C1F0BBB20008127D6 /* Debug */ = {
			isa = XCBuildConfiguration;
			buildSettings = {
				ASSETCATALOG_COMPILER_APPICON_NAME = AppIcon;
				DEVELOPMENT_TEAM = Y799YUNDK5;
				INFOPLIST_FILE = MySeries/Info.plist;
				LD_RUNPATH_SEARCH_PATHS = "$(inherited) @executable_path/Frameworks";
				PRODUCT_BUNDLE_IDENTIFIER = br.com.wooba.MySeries;
				PRODUCT_NAME = "$(TARGET_NAME)";
				SWIFT_VERSION = 3.0;
			};
			name = Debug;
		};
		D75BB86D1F0BBB20008127D6 /* Release */ = {
			isa = XCBuildConfiguration;
			buildSettings = {
				ASSETCATALOG_COMPILER_APPICON_NAME = AppIcon;
				DEVELOPMENT_TEAM = Y799YUNDK5;
				INFOPLIST_FILE = MySeries/Info.plist;
				LD_RUNPATH_SEARCH_PATHS = "$(inherited) @executable_path/Frameworks";
				PRODUCT_BUNDLE_IDENTIFIER = br.com.wooba.MySeries;
				PRODUCT_NAME = "$(TARGET_NAME)";
				SWIFT_VERSION = 3.0;
			};
			name = Release;
		};
		D75BB86F1F0BBB20008127D6 /* Debug */ = {
			isa = XCBuildConfiguration;
			buildSettings = {
				ALWAYS_EMBED_SWIFT_STANDARD_LIBRARIES = YES;
				BUNDLE_LOADER = "$(TEST_HOST)";
				DEVELOPMENT_TEAM = Y799YUNDK5;
				INFOPLIST_FILE = MySeriesTests/Info.plist;
				LD_RUNPATH_SEARCH_PATHS = "$(inherited) @executable_path/Frameworks @loader_path/Frameworks";
				PRODUCT_BUNDLE_IDENTIFIER = br.com.wooba.MySeriesTests;
				PRODUCT_NAME = "$(TARGET_NAME)";
				SWIFT_VERSION = 3.0;
				TEST_HOST = "$(BUILT_PRODUCTS_DIR)/MySeries.app/MySeries";
			};
			name = Debug;
		};
		D75BB8701F0BBB20008127D6 /* Release */ = {
			isa = XCBuildConfiguration;
			buildSettings = {
				ALWAYS_EMBED_SWIFT_STANDARD_LIBRARIES = YES;
				BUNDLE_LOADER = "$(TEST_HOST)";
				DEVELOPMENT_TEAM = Y799YUNDK5;
				INFOPLIST_FILE = MySeriesTests/Info.plist;
				LD_RUNPATH_SEARCH_PATHS = "$(inherited) @executable_path/Frameworks @loader_path/Frameworks";
				PRODUCT_BUNDLE_IDENTIFIER = br.com.wooba.MySeriesTests;
				PRODUCT_NAME = "$(TARGET_NAME)";
				SWIFT_VERSION = 3.0;
				TEST_HOST = "$(BUILT_PRODUCTS_DIR)/MySeries.app/MySeries";
			};
			name = Release;
		};
		D75BB8721F0BBB20008127D6 /* Debug */ = {
			isa = XCBuildConfiguration;
			buildSettings = {
				ALWAYS_EMBED_SWIFT_STANDARD_LIBRARIES = YES;
				DEVELOPMENT_TEAM = Y799YUNDK5;
				INFOPLIST_FILE = MySeriesUITests/Info.plist;
				LD_RUNPATH_SEARCH_PATHS = "$(inherited) @executable_path/Frameworks @loader_path/Frameworks";
				PRODUCT_BUNDLE_IDENTIFIER = br.com.wooba.MySeriesUITests;
				PRODUCT_NAME = "$(TARGET_NAME)";
				SWIFT_VERSION = 3.0;
				TEST_TARGET_NAME = MySeries;
			};
			name = Debug;
		};
		D75BB8731F0BBB20008127D6 /* Release */ = {
			isa = XCBuildConfiguration;
			buildSettings = {
				ALWAYS_EMBED_SWIFT_STANDARD_LIBRARIES = YES;
				DEVELOPMENT_TEAM = Y799YUNDK5;
				INFOPLIST_FILE = MySeriesUITests/Info.plist;
				LD_RUNPATH_SEARCH_PATHS = "$(inherited) @executable_path/Frameworks @loader_path/Frameworks";
				PRODUCT_BUNDLE_IDENTIFIER = br.com.wooba.MySeriesUITests;
				PRODUCT_NAME = "$(TARGET_NAME)";
				SWIFT_VERSION = 3.0;
				TEST_TARGET_NAME = MySeries;
			};
			name = Release;
		};
/* End XCBuildConfiguration section */

/* Begin XCConfigurationList section */
		D75BB83E1F0BBB1F008127D6 /* Build configuration list for PBXProject "MySeries" */ = {
			isa = XCConfigurationList;
			buildConfigurations = (
				D75BB8691F0BBB20008127D6 /* Debug */,
				D75BB86A1F0BBB20008127D6 /* Release */,
			);
			defaultConfigurationIsVisible = 0;
			defaultConfigurationName = Release;
		};
		D75BB86B1F0BBB20008127D6 /* Build configuration list for PBXNativeTarget "MySeries" */ = {
			isa = XCConfigurationList;
			buildConfigurations = (
				D75BB86C1F0BBB20008127D6 /* Debug */,
				D75BB86D1F0BBB20008127D6 /* Release */,
			);
			defaultConfigurationIsVisible = 0;
		};
		D75BB86E1F0BBB20008127D6 /* Build configuration list for PBXNativeTarget "MySeriesTests" */ = {
			isa = XCConfigurationList;
			buildConfigurations = (
				D75BB86F1F0BBB20008127D6 /* Debug */,
				D75BB8701F0BBB20008127D6 /* Release */,
			);
			defaultConfigurationIsVisible = 0;
		};
		D75BB8711F0BBB20008127D6 /* Build configuration list for PBXNativeTarget "MySeriesUITests" */ = {
			isa = XCConfigurationList;
			buildConfigurations = (
				D75BB8721F0BBB20008127D6 /* Debug */,
				D75BB8731F0BBB20008127D6 /* Release */,
			);
			defaultConfigurationIsVisible = 0;
		};
/* End XCConfigurationList section */
	};
	rootObject = D75BB83B1F0BBB1F008127D6 /* Project object */;
}
