// !$*UTF8*$!
{
	archiveVersion = 1;
	classes = {
	};
	objectVersion = 46;
	objects = {

/* Begin PBXBuildFile section */
		928DAE307E352BEF10C33835 /* Pods_MySeriesTests.framework in Frameworks */ = {isa = PBXBuildFile; fileRef = 6931AECF31DCB975B7F7B8BA /* Pods_MySeriesTests.framework */; };
		BCAADF7B9A3E8CCCFF4EA95D /* Pods_MySeriesFramework.framework in Frameworks */ = {isa = PBXBuildFile; fileRef = B45A6A54C99DF4B6CD1936BA /* Pods_MySeriesFramework.framework */; };
		D280501AEC9E3C62277C6C40 /* Pods_MySeriesUITests.framework in Frameworks */ = {isa = PBXBuildFile; fileRef = 5A9D5E525C3225F6FCFD7275 /* Pods_MySeriesUITests.framework */; };
		D7476A3C1F0D2A6B00350A4E /* MySeriesGatewayStub.swift in Sources */ = {isa = PBXBuildFile; fileRef = D7476A3B1F0D2A6B00350A4E /* MySeriesGatewayStub.swift */; };
		D7476A401F0D2B4300350A4E /* ListMySeriesOutputPresenter.swift in Sources */ = {isa = PBXBuildFile; fileRef = D7476A3F1F0D2B4300350A4E /* ListMySeriesOutputPresenter.swift */; };
		D7476A421F0D351D00350A4E /* ListMySeriesInteractor.swift in Sources */ = {isa = PBXBuildFile; fileRef = D7476A411F0D351D00350A4E /* ListMySeriesInteractor.swift */; };
		D7476A441F0D374500350A4E /* MySeriesRepository.swift in Sources */ = {isa = PBXBuildFile; fileRef = D7476A431F0D374500350A4E /* MySeriesRepository.swift */; };
		D75BB8471F0BBB1F008127D6 /* AppDelegate.swift in Sources */ = {isa = PBXBuildFile; fileRef = D75BB8461F0BBB1F008127D6 /* AppDelegate.swift */; };
		D75BB84C1F0BBB1F008127D6 /* Main.storyboard in Resources */ = {isa = PBXBuildFile; fileRef = D75BB84A1F0BBB1F008127D6 /* Main.storyboard */; };
		D75BB8511F0BBB1F008127D6 /* LaunchScreen.storyboard in Resources */ = {isa = PBXBuildFile; fileRef = D75BB84F1F0BBB1F008127D6 /* LaunchScreen.storyboard */; };
		D75BB85C1F0BBB1F008127D6 /* MySeriesTests.swift in Sources */ = {isa = PBXBuildFile; fileRef = D75BB85B1F0BBB1F008127D6 /* MySeriesTests.swift */; };
		D75BB8671F0BBB20008127D6 /* MySeriesUITests.swift in Sources */ = {isa = PBXBuildFile; fileRef = D75BB8661F0BBB20008127D6 /* MySeriesUITests.swift */; };
		D75BB8821F0BBBC5008127D6 /* MySeriesFramework.framework in Frameworks */ = {isa = PBXBuildFile; fileRef = D75BB8791F0BBBC5008127D6 /* MySeriesFramework.framework */; };
		D75BB88B1F0BBBC5008127D6 /* MySeriesFramework.h in Headers */ = {isa = PBXBuildFile; fileRef = D75BB87B1F0BBBC5008127D6 /* MySeriesFramework.h */; settings = {ATTRIBUTES = (Public, ); }; };
		D75BB88E1F0BBBC5008127D6 /* MySeriesFramework.framework in Frameworks */ = {isa = PBXBuildFile; fileRef = D75BB8791F0BBBC5008127D6 /* MySeriesFramework.framework */; };
		D75BB88F1F0BBBC5008127D6 /* MySeriesFramework.framework in Embed Frameworks */ = {isa = PBXBuildFile; fileRef = D75BB8791F0BBBC5008127D6 /* MySeriesFramework.framework */; settings = {ATTRIBUTES = (CodeSignOnCopy, RemoveHeadersOnCopy, ); }; };
		D75BB8A51F0BC147008127D6 /* EndPoint.swift in Sources */ = {isa = PBXBuildFile; fileRef = D75BB8A41F0BC147008127D6 /* EndPoint.swift */; };
		D75BB8A71F0BD900008127D6 /* MySeriesGateway.swift in Sources */ = {isa = PBXBuildFile; fileRef = D75BB8A61F0BD900008127D6 /* MySeriesGateway.swift */; };
		D75BB8A91F0BD9D9008127D6 /* WSCredentials.swift in Sources */ = {isa = PBXBuildFile; fileRef = D75BB8A81F0BD9D9008127D6 /* WSCredentials.swift */; };
		D75BB8AB1F0BDEFC008127D6 /* ResultWrapper.swift in Sources */ = {isa = PBXBuildFile; fileRef = D75BB8AA1F0BDEFC008127D6 /* ResultWrapper.swift */; };
		D75BB8AD1F0BDF8C008127D6 /* HttpError.swift in Sources */ = {isa = PBXBuildFile; fileRef = D75BB8AC1F0BDF8C008127D6 /* HttpError.swift */; };
		D75BB8AF1F0BE229008127D6 /* Token.swift in Sources */ = {isa = PBXBuildFile; fileRef = D75BB8AE1F0BE229008127D6 /* Token.swift */; };
		D75BB8B11F0BE3EB008127D6 /* MySeriesGatewayImpl.swift in Sources */ = {isa = PBXBuildFile; fileRef = D75BB8B01F0BE3EB008127D6 /* MySeriesGatewayImpl.swift */; };
		D75BB8B41F0BE5F1008127D6 /* AuthRQ.swift in Sources */ = {isa = PBXBuildFile; fileRef = D75BB8B31F0BE5F1008127D6 /* AuthRQ.swift */; };
		D75BB8B91F0C00A6008127D6 /* AuthenticationGatewayTests.swift in Sources */ = {isa = PBXBuildFile; fileRef = D75BB8B81F0C00A6008127D6 /* AuthenticationGatewayTests.swift */; };
		D75BB8C31F0C13FA008127D6 /* LoginViewController.swift in Sources */ = {isa = PBXBuildFile; fileRef = D75BB8C21F0C13FA008127D6 /* LoginViewController.swift */; };
		D75BB8C81F0C2C70008127D6 /* GetMySeriesRQ.swift in Sources */ = {isa = PBXBuildFile; fileRef = D75BB8C71F0C2C70008127D6 /* GetMySeriesRQ.swift */; };
		D75BB8CC1F0C2DCE008127D6 /* ShowEntity.swift in Sources */ = {isa = PBXBuildFile; fileRef = D75BB8CB1F0C2DCE008127D6 /* ShowEntity.swift */; };
		D75BB8CF1F0C2E86008127D6 /* GetMySeriesRS.swift in Sources */ = {isa = PBXBuildFile; fileRef = D75BB8CE1F0C2E86008127D6 /* GetMySeriesRS.swift */; };
		D75BB8D31F0C2F8D008127D6 /* EpisodeEntity.swift in Sources */ = {isa = PBXBuildFile; fileRef = D75BB8D21F0C2F8D008127D6 /* EpisodeEntity.swift */; };
		D75BB8D51F0C3100008127D6 /* AlamofireHttpRequester.swift in Sources */ = {isa = PBXBuildFile; fileRef = D75BB8D41F0C3100008127D6 /* AlamofireHttpRequester.swift */; };
		D7DC131C1F0D607900DB1B79 /* ListMySeriesOutputPresenterMock.swift in Sources */ = {isa = PBXBuildFile; fileRef = D7DC131B1F0D607900DB1B79 /* ListMySeriesOutputPresenterMock.swift */; };
		D7DC13211F0D61D000DB1B79 /* ListMySeriesInteractorTests.swift in Sources */ = {isa = PBXBuildFile; fileRef = D7DC13201F0D61D000DB1B79 /* ListMySeriesInteractorTests.swift */; };
		D7DC13281F0D7C6A00DB1B79 /* ListMySeriesViewController.swift in Sources */ = {isa = PBXBuildFile; fileRef = D7DC13271F0D7C6A00DB1B79 /* ListMySeriesViewController.swift */; };
		D7DC132A1F0D7DAA00DB1B79 /* ListMySeriesDataSource.swift in Sources */ = {isa = PBXBuildFile; fileRef = D7DC13291F0D7DAA00DB1B79 /* ListMySeriesDataSource.swift */; };
		D7DC132C1F0D800C00DB1B79 /* MySeriesCollectionViewCell.swift in Sources */ = {isa = PBXBuildFile; fileRef = D7DC132B1F0D800C00DB1B79 /* MySeriesCollectionViewCell.swift */; };
		D7E328891F0E817D00EF6B01 /* Assets.xcassets in Resources */ = {isa = PBXBuildFile; fileRef = D7E328881F0E817D00EF6B01 /* Assets.xcassets */; };
		D7E3288B1F0EA5D900EF6B01 /* IdEntity.swift in Sources */ = {isa = PBXBuildFile; fileRef = D7E3288A1F0EA5D900EF6B01 /* IdEntity.swift */; };
		D7E3288D1F0EC7E700EF6B01 /* AuthenticationGateway.swift in Sources */ = {isa = PBXBuildFile; fileRef = D7E3288C1F0EC7E700EF6B01 /* AuthenticationGateway.swift */; };
		D7E3288F1F0EC87D00EF6B01 /* AuthenticationGatewayImpl.swift in Sources */ = {isa = PBXBuildFile; fileRef = D7E3288E1F0EC87D00EF6B01 /* AuthenticationGatewayImpl.swift */; };
		DF57849F13B5ACB48089BF73 /* Pods_MySeries.framework in Frameworks */ = {isa = PBXBuildFile; fileRef = D9497D69CFB75776F24AFEC4 /* Pods_MySeries.framework */; };
		FD7691678316CFCFE28F84F9 /* Pods_MySeriesFrameworkTests.framework in Frameworks */ = {isa = PBXBuildFile; fileRef = 9DE6211452432202E706544A /* Pods_MySeriesFrameworkTests.framework */; };
/* End PBXBuildFile section */

/* Begin PBXContainerItemProxy section */
		D75BB8581F0BBB1F008127D6 /* PBXContainerItemProxy */ = {
			isa = PBXContainerItemProxy;
			containerPortal = D75BB83B1F0BBB1F008127D6 /* Project object */;
			proxyType = 1;
			remoteGlobalIDString = D75BB8421F0BBB1F008127D6;
			remoteInfo = MySeries;
		};
		D75BB8631F0BBB20008127D6 /* PBXContainerItemProxy */ = {
			isa = PBXContainerItemProxy;
			containerPortal = D75BB83B1F0BBB1F008127D6 /* Project object */;
			proxyType = 1;
			remoteGlobalIDString = D75BB8421F0BBB1F008127D6;
			remoteInfo = MySeries;
		};
		D75BB8831F0BBBC5008127D6 /* PBXContainerItemProxy */ = {
			isa = PBXContainerItemProxy;
			containerPortal = D75BB83B1F0BBB1F008127D6 /* Project object */;
			proxyType = 1;
			remoteGlobalIDString = D75BB8781F0BBBC5008127D6;
			remoteInfo = MySeriesFramework;
		};
		D75BB8851F0BBBC5008127D6 /* PBXContainerItemProxy */ = {
			isa = PBXContainerItemProxy;
			containerPortal = D75BB83B1F0BBB1F008127D6 /* Project object */;
			proxyType = 1;
			remoteGlobalIDString = D75BB8421F0BBB1F008127D6;
			remoteInfo = MySeries;
		};
		D75BB88C1F0BBBC5008127D6 /* PBXContainerItemProxy */ = {
			isa = PBXContainerItemProxy;
			containerPortal = D75BB83B1F0BBB1F008127D6 /* Project object */;
			proxyType = 1;
			remoteGlobalIDString = D75BB8781F0BBBC5008127D6;
			remoteInfo = MySeriesFramework;
		};
/* End PBXContainerItemProxy section */

/* Begin PBXCopyFilesBuildPhase section */
		D75BB8931F0BBBC5008127D6 /* Embed Frameworks */ = {
			isa = PBXCopyFilesBuildPhase;
			buildActionMask = 2147483647;
			dstPath = "";
			dstSubfolderSpec = 10;
			files = (
				D75BB88F1F0BBBC5008127D6 /* MySeriesFramework.framework in Embed Frameworks */,
			);
			name = "Embed Frameworks";
			runOnlyForDeploymentPostprocessing = 0;
		};
/* End PBXCopyFilesBuildPhase section */

/* Begin PBXFileReference section */
		2908B2E5694983A917C2B5C1 /* Pods-MySeriesFramework.debug.xcconfig */ = {isa = PBXFileReference; includeInIndex = 1; lastKnownFileType = text.xcconfig; name = "Pods-MySeriesFramework.debug.xcconfig"; path = "Pods/Target Support Files/Pods-MySeriesFramework/Pods-MySeriesFramework.debug.xcconfig"; sourceTree = "<group>"; };
		4E0F64A25DBBED0F5D5833D9 /* Pods-MySeriesTests.release.xcconfig */ = {isa = PBXFileReference; includeInIndex = 1; lastKnownFileType = text.xcconfig; name = "Pods-MySeriesTests.release.xcconfig"; path = "Pods/Target Support Files/Pods-MySeriesTests/Pods-MySeriesTests.release.xcconfig"; sourceTree = "<group>"; };
		54609B09D42F22477654C7DC /* Pods-MySeriesUITests.debug.xcconfig */ = {isa = PBXFileReference; includeInIndex = 1; lastKnownFileType = text.xcconfig; name = "Pods-MySeriesUITests.debug.xcconfig"; path = "Pods/Target Support Files/Pods-MySeriesUITests/Pods-MySeriesUITests.debug.xcconfig"; sourceTree = "<group>"; };
		5A9D5E525C3225F6FCFD7275 /* Pods_MySeriesUITests.framework */ = {isa = PBXFileReference; explicitFileType = wrapper.framework; includeInIndex = 0; path = Pods_MySeriesUITests.framework; sourceTree = BUILT_PRODUCTS_DIR; };
		659D4520D7181E831D4AD375 /* Pods-MySeriesTests.debug.xcconfig */ = {isa = PBXFileReference; includeInIndex = 1; lastKnownFileType = text.xcconfig; name = "Pods-MySeriesTests.debug.xcconfig"; path = "Pods/Target Support Files/Pods-MySeriesTests/Pods-MySeriesTests.debug.xcconfig"; sourceTree = "<group>"; };
		6931AECF31DCB975B7F7B8BA /* Pods_MySeriesTests.framework */ = {isa = PBXFileReference; explicitFileType = wrapper.framework; includeInIndex = 0; path = Pods_MySeriesTests.framework; sourceTree = BUILT_PRODUCTS_DIR; };
		94D4B777BABA50B4095B91BC /* Pods-MySeriesFramework.release.xcconfig */ = {isa = PBXFileReference; includeInIndex = 1; lastKnownFileType = text.xcconfig; name = "Pods-MySeriesFramework.release.xcconfig"; path = "Pods/Target Support Files/Pods-MySeriesFramework/Pods-MySeriesFramework.release.xcconfig"; sourceTree = "<group>"; };
		9DE6211452432202E706544A /* Pods_MySeriesFrameworkTests.framework */ = {isa = PBXFileReference; explicitFileType = wrapper.framework; includeInIndex = 0; path = Pods_MySeriesFrameworkTests.framework; sourceTree = BUILT_PRODUCTS_DIR; };
		A33B87021F287C737A135160 /* Pods-MySeries.release.xcconfig */ = {isa = PBXFileReference; includeInIndex = 1; lastKnownFileType = text.xcconfig; name = "Pods-MySeries.release.xcconfig"; path = "Pods/Target Support Files/Pods-MySeries/Pods-MySeries.release.xcconfig"; sourceTree = "<group>"; };
		ABCFB5C00F49A4ED75E2E907 /* Pods-MySeriesFrameworkTests.debug.xcconfig */ = {isa = PBXFileReference; includeInIndex = 1; lastKnownFileType = text.xcconfig; name = "Pods-MySeriesFrameworkTests.debug.xcconfig"; path = "Pods/Target Support Files/Pods-MySeriesFrameworkTests/Pods-MySeriesFrameworkTests.debug.xcconfig"; sourceTree = "<group>"; };
		B3336CECF13B6A6D780F4FB8 /* Pods-MySeriesFrameworkTests.release.xcconfig */ = {isa = PBXFileReference; includeInIndex = 1; lastKnownFileType = text.xcconfig; name = "Pods-MySeriesFrameworkTests.release.xcconfig"; path = "Pods/Target Support Files/Pods-MySeriesFrameworkTests/Pods-MySeriesFrameworkTests.release.xcconfig"; sourceTree = "<group>"; };
		B45A6A54C99DF4B6CD1936BA /* Pods_MySeriesFramework.framework */ = {isa = PBXFileReference; explicitFileType = wrapper.framework; includeInIndex = 0; path = Pods_MySeriesFramework.framework; sourceTree = BUILT_PRODUCTS_DIR; };
		BFE5FD3FBD48208B5C29E0B9 /* Pods-MySeriesUITests.release.xcconfig */ = {isa = PBXFileReference; includeInIndex = 1; lastKnownFileType = text.xcconfig; name = "Pods-MySeriesUITests.release.xcconfig"; path = "Pods/Target Support Files/Pods-MySeriesUITests/Pods-MySeriesUITests.release.xcconfig"; sourceTree = "<group>"; };
		D7476A3B1F0D2A6B00350A4E /* MySeriesGatewayStub.swift */ = {isa = PBXFileReference; fileEncoding = 4; lastKnownFileType = sourcecode.swift; path = MySeriesGatewayStub.swift; sourceTree = "<group>"; };
		D7476A3F1F0D2B4300350A4E /* ListMySeriesOutputPresenter.swift */ = {isa = PBXFileReference; fileEncoding = 4; lastKnownFileType = sourcecode.swift; path = ListMySeriesOutputPresenter.swift; sourceTree = "<group>"; };
		D7476A411F0D351D00350A4E /* ListMySeriesInteractor.swift */ = {isa = PBXFileReference; fileEncoding = 4; lastKnownFileType = sourcecode.swift; path = ListMySeriesInteractor.swift; sourceTree = "<group>"; };
		D7476A431F0D374500350A4E /* MySeriesRepository.swift */ = {isa = PBXFileReference; fileEncoding = 4; lastKnownFileType = sourcecode.swift; path = MySeriesRepository.swift; sourceTree = "<group>"; };
		D75BB8431F0BBB1F008127D6 /* MySeries.app */ = {isa = PBXFileReference; explicitFileType = wrapper.application; includeInIndex = 0; path = MySeries.app; sourceTree = BUILT_PRODUCTS_DIR; };
		D75BB8461F0BBB1F008127D6 /* AppDelegate.swift */ = {isa = PBXFileReference; lastKnownFileType = sourcecode.swift; path = AppDelegate.swift; sourceTree = "<group>"; };
		D75BB84B1F0BBB1F008127D6 /* Base */ = {isa = PBXFileReference; lastKnownFileType = file.storyboard; name = Base; path = Base.lproj/Main.storyboard; sourceTree = "<group>"; };
		D75BB8501F0BBB1F008127D6 /* Base */ = {isa = PBXFileReference; lastKnownFileType = file.storyboard; name = Base; path = Base.lproj/LaunchScreen.storyboard; sourceTree = "<group>"; };
		D75BB8521F0BBB1F008127D6 /* Info.plist */ = {isa = PBXFileReference; lastKnownFileType = text.plist.xml; path = Info.plist; sourceTree = "<group>"; };
		D75BB8571F0BBB1F008127D6 /* MySeriesTests.xctest */ = {isa = PBXFileReference; explicitFileType = wrapper.cfbundle; includeInIndex = 0; path = MySeriesTests.xctest; sourceTree = BUILT_PRODUCTS_DIR; };
		D75BB85B1F0BBB1F008127D6 /* MySeriesTests.swift */ = {isa = PBXFileReference; lastKnownFileType = sourcecode.swift; path = MySeriesTests.swift; sourceTree = "<group>"; };
		D75BB85D1F0BBB1F008127D6 /* Info.plist */ = {isa = PBXFileReference; lastKnownFileType = text.plist.xml; path = Info.plist; sourceTree = "<group>"; };
		D75BB8621F0BBB20008127D6 /* MySeriesUITests.xctest */ = {isa = PBXFileReference; explicitFileType = wrapper.cfbundle; includeInIndex = 0; path = MySeriesUITests.xctest; sourceTree = BUILT_PRODUCTS_DIR; };
		D75BB8661F0BBB20008127D6 /* MySeriesUITests.swift */ = {isa = PBXFileReference; lastKnownFileType = sourcecode.swift; path = MySeriesUITests.swift; sourceTree = "<group>"; };
		D75BB8681F0BBB20008127D6 /* Info.plist */ = {isa = PBXFileReference; lastKnownFileType = text.plist.xml; path = Info.plist; sourceTree = "<group>"; };
		D75BB8791F0BBBC5008127D6 /* MySeriesFramework.framework */ = {isa = PBXFileReference; explicitFileType = wrapper.framework; includeInIndex = 0; path = MySeriesFramework.framework; sourceTree = BUILT_PRODUCTS_DIR; };
		D75BB87B1F0BBBC5008127D6 /* MySeriesFramework.h */ = {isa = PBXFileReference; lastKnownFileType = sourcecode.c.h; path = MySeriesFramework.h; sourceTree = "<group>"; };
		D75BB87C1F0BBBC5008127D6 /* Info.plist */ = {isa = PBXFileReference; lastKnownFileType = text.plist.xml; path = Info.plist; sourceTree = "<group>"; };
		D75BB8811F0BBBC5008127D6 /* MySeriesFrameworkTests.xctest */ = {isa = PBXFileReference; explicitFileType = wrapper.cfbundle; includeInIndex = 0; path = MySeriesFrameworkTests.xctest; sourceTree = BUILT_PRODUCTS_DIR; };
		D75BB88A1F0BBBC5008127D6 /* Info.plist */ = {isa = PBXFileReference; lastKnownFileType = text.plist.xml; path = Info.plist; sourceTree = "<group>"; };
		D75BB8A41F0BC147008127D6 /* EndPoint.swift */ = {isa = PBXFileReference; fileEncoding = 4; lastKnownFileType = sourcecode.swift; path = EndPoint.swift; sourceTree = "<group>"; };
		D75BB8A61F0BD900008127D6 /* MySeriesGateway.swift */ = {isa = PBXFileReference; fileEncoding = 4; lastKnownFileType = sourcecode.swift; path = MySeriesGateway.swift; sourceTree = "<group>"; };
		D75BB8A81F0BD9D9008127D6 /* WSCredentials.swift */ = {isa = PBXFileReference; fileEncoding = 4; lastKnownFileType = sourcecode.swift; path = WSCredentials.swift; sourceTree = "<group>"; };
		D75BB8AA1F0BDEFC008127D6 /* ResultWrapper.swift */ = {isa = PBXFileReference; fileEncoding = 4; lastKnownFileType = sourcecode.swift; path = ResultWrapper.swift; sourceTree = "<group>"; };
		D75BB8AC1F0BDF8C008127D6 /* HttpError.swift */ = {isa = PBXFileReference; fileEncoding = 4; lastKnownFileType = sourcecode.swift; path = HttpError.swift; sourceTree = "<group>"; };
		D75BB8AE1F0BE229008127D6 /* Token.swift */ = {isa = PBXFileReference; fileEncoding = 4; lastKnownFileType = sourcecode.swift; path = Token.swift; sourceTree = "<group>"; };
		D75BB8B01F0BE3EB008127D6 /* MySeriesGatewayImpl.swift */ = {isa = PBXFileReference; fileEncoding = 4; lastKnownFileType = sourcecode.swift; path = MySeriesGatewayImpl.swift; sourceTree = "<group>"; };
		D75BB8B31F0BE5F1008127D6 /* AuthRQ.swift */ = {isa = PBXFileReference; fileEncoding = 4; lastKnownFileType = sourcecode.swift; path = AuthRQ.swift; sourceTree = "<group>"; };
		D75BB8B81F0C00A6008127D6 /* AuthenticationGatewayTests.swift */ = {isa = PBXFileReference; fileEncoding = 4; lastKnownFileType = sourcecode.swift; path = AuthenticationGatewayTests.swift; sourceTree = "<group>"; };
		D75BB8C21F0C13FA008127D6 /* LoginViewController.swift */ = {isa = PBXFileReference; fileEncoding = 4; lastKnownFileType = sourcecode.swift; path = LoginViewController.swift; sourceTree = "<group>"; };
		D75BB8C71F0C2C70008127D6 /* GetMySeriesRQ.swift */ = {isa = PBXFileReference; fileEncoding = 4; lastKnownFileType = sourcecode.swift; path = GetMySeriesRQ.swift; sourceTree = "<group>"; };
		D75BB8CB1F0C2DCE008127D6 /* ShowEntity.swift */ = {isa = PBXFileReference; fileEncoding = 4; lastKnownFileType = sourcecode.swift; path = ShowEntity.swift; sourceTree = "<group>"; };
		D75BB8CE1F0C2E86008127D6 /* GetMySeriesRS.swift */ = {isa = PBXFileReference; fileEncoding = 4; lastKnownFileType = sourcecode.swift; path = GetMySeriesRS.swift; sourceTree = "<group>"; };
		D75BB8D21F0C2F8D008127D6 /* EpisodeEntity.swift */ = {isa = PBXFileReference; fileEncoding = 4; lastKnownFileType = sourcecode.swift; path = EpisodeEntity.swift; sourceTree = "<group>"; };
		D75BB8D41F0C3100008127D6 /* AlamofireHttpRequester.swift */ = {isa = PBXFileReference; fileEncoding = 4; lastKnownFileType = sourcecode.swift; path = AlamofireHttpRequester.swift; sourceTree = "<group>"; };
		D7DC131B1F0D607900DB1B79 /* ListMySeriesOutputPresenterMock.swift */ = {isa = PBXFileReference; fileEncoding = 4; lastKnownFileType = sourcecode.swift; path = ListMySeriesOutputPresenterMock.swift; sourceTree = "<group>"; };
		D7DC13201F0D61D000DB1B79 /* ListMySeriesInteractorTests.swift */ = {isa = PBXFileReference; fileEncoding = 4; lastKnownFileType = sourcecode.swift; path = ListMySeriesInteractorTests.swift; sourceTree = "<group>"; };
		D7DC13271F0D7C6A00DB1B79 /* ListMySeriesViewController.swift */ = {isa = PBXFileReference; fileEncoding = 4; lastKnownFileType = sourcecode.swift; path = ListMySeriesViewController.swift; sourceTree = "<group>"; };
		D7DC13291F0D7DAA00DB1B79 /* ListMySeriesDataSource.swift */ = {isa = PBXFileReference; fileEncoding = 4; lastKnownFileType = sourcecode.swift; path = ListMySeriesDataSource.swift; sourceTree = "<group>"; };
		D7DC132B1F0D800C00DB1B79 /* MySeriesCollectionViewCell.swift */ = {isa = PBXFileReference; fileEncoding = 4; lastKnownFileType = sourcecode.swift; path = MySeriesCollectionViewCell.swift; sourceTree = "<group>"; };
		D7E328881F0E817D00EF6B01 /* Assets.xcassets */ = {isa = PBXFileReference; lastKnownFileType = folder.assetcatalog; path = Assets.xcassets; sourceTree = "<group>"; };
		D7E3288A1F0EA5D900EF6B01 /* IdEntity.swift */ = {isa = PBXFileReference; fileEncoding = 4; lastKnownFileType = sourcecode.swift; path = IdEntity.swift; sourceTree = "<group>"; };
		D7E3288C1F0EC7E700EF6B01 /* AuthenticationGateway.swift */ = {isa = PBXFileReference; fileEncoding = 4; lastKnownFileType = sourcecode.swift; path = AuthenticationGateway.swift; sourceTree = "<group>"; };
		D7E3288E1F0EC87D00EF6B01 /* AuthenticationGatewayImpl.swift */ = {isa = PBXFileReference; fileEncoding = 4; lastKnownFileType = sourcecode.swift; path = AuthenticationGatewayImpl.swift; sourceTree = "<group>"; };
		D9497D69CFB75776F24AFEC4 /* Pods_MySeries.framework */ = {isa = PBXFileReference; explicitFileType = wrapper.framework; includeInIndex = 0; path = Pods_MySeries.framework; sourceTree = BUILT_PRODUCTS_DIR; };
		FCC6AE3FBD465958582A216D /* Pods-MySeries.debug.xcconfig */ = {isa = PBXFileReference; includeInIndex = 1; lastKnownFileType = text.xcconfig; name = "Pods-MySeries.debug.xcconfig"; path = "Pods/Target Support Files/Pods-MySeries/Pods-MySeries.debug.xcconfig"; sourceTree = "<group>"; };
/* End PBXFileReference section */

/* Begin PBXFrameworksBuildPhase section */
		D75BB8401F0BBB1F008127D6 /* Frameworks */ = {
			isa = PBXFrameworksBuildPhase;
			buildActionMask = 2147483647;
			files = (
				D75BB88E1F0BBBC5008127D6 /* MySeriesFramework.framework in Frameworks */,
				DF57849F13B5ACB48089BF73 /* Pods_MySeries.framework in Frameworks */,
			);
			runOnlyForDeploymentPostprocessing = 0;
		};
		D75BB8541F0BBB1F008127D6 /* Frameworks */ = {
			isa = PBXFrameworksBuildPhase;
			buildActionMask = 2147483647;
			files = (
				928DAE307E352BEF10C33835 /* Pods_MySeriesTests.framework in Frameworks */,
			);
			runOnlyForDeploymentPostprocessing = 0;
		};
		D75BB85F1F0BBB20008127D6 /* Frameworks */ = {
			isa = PBXFrameworksBuildPhase;
			buildActionMask = 2147483647;
			files = (
				D280501AEC9E3C62277C6C40 /* Pods_MySeriesUITests.framework in Frameworks */,
			);
			runOnlyForDeploymentPostprocessing = 0;
		};
		D75BB8751F0BBBC5008127D6 /* Frameworks */ = {
			isa = PBXFrameworksBuildPhase;
			buildActionMask = 2147483647;
			files = (
				BCAADF7B9A3E8CCCFF4EA95D /* Pods_MySeriesFramework.framework in Frameworks */,
			);
			runOnlyForDeploymentPostprocessing = 0;
		};
		D75BB87E1F0BBBC5008127D6 /* Frameworks */ = {
			isa = PBXFrameworksBuildPhase;
			buildActionMask = 2147483647;
			files = (
				D75BB8821F0BBBC5008127D6 /* MySeriesFramework.framework in Frameworks */,
				FD7691678316CFCFE28F84F9 /* Pods_MySeriesFrameworkTests.framework in Frameworks */,
			);
			runOnlyForDeploymentPostprocessing = 0;
		};
/* End PBXFrameworksBuildPhase section */

/* Begin PBXGroup section */
		9D04227C350B86FA539B3406 /* Pods */ = {
			isa = PBXGroup;
			children = (
				FCC6AE3FBD465958582A216D /* Pods-MySeries.debug.xcconfig */,
				A33B87021F287C737A135160 /* Pods-MySeries.release.xcconfig */,
				2908B2E5694983A917C2B5C1 /* Pods-MySeriesFramework.debug.xcconfig */,
				94D4B777BABA50B4095B91BC /* Pods-MySeriesFramework.release.xcconfig */,
				ABCFB5C00F49A4ED75E2E907 /* Pods-MySeriesFrameworkTests.debug.xcconfig */,
				B3336CECF13B6A6D780F4FB8 /* Pods-MySeriesFrameworkTests.release.xcconfig */,
				659D4520D7181E831D4AD375 /* Pods-MySeriesTests.debug.xcconfig */,
				4E0F64A25DBBED0F5D5833D9 /* Pods-MySeriesTests.release.xcconfig */,
				54609B09D42F22477654C7DC /* Pods-MySeriesUITests.debug.xcconfig */,
				BFE5FD3FBD48208B5C29E0B9 /* Pods-MySeriesUITests.release.xcconfig */,
			);
			name = Pods;
			sourceTree = "<group>";
		};
		CBDB824926B888431F041C82 /* Frameworks */ = {
			isa = PBXGroup;
			children = (
				D9497D69CFB75776F24AFEC4 /* Pods_MySeries.framework */,
				B45A6A54C99DF4B6CD1936BA /* Pods_MySeriesFramework.framework */,
				9DE6211452432202E706544A /* Pods_MySeriesFrameworkTests.framework */,
				6931AECF31DCB975B7F7B8BA /* Pods_MySeriesTests.framework */,
				5A9D5E525C3225F6FCFD7275 /* Pods_MySeriesUITests.framework */,
			);
			name = Frameworks;
			sourceTree = "<group>";
		};
		D7476A391F0D28C100350A4E /* MockTests */ = {
			isa = PBXGroup;
			children = (
				D7476A3E1F0D2ABB00350A4E /* Presenters */,
				D7476A3D1F0D2AB200350A4E /* Interactors */,
				D7476A3A1F0D28E200350A4E /* Gateways */,
			);
			name = MockTests;
			sourceTree = "<group>";
		};
		D7476A3A1F0D28E200350A4E /* Gateways */ = {
			isa = PBXGroup;
			children = (
				D7476A3B1F0D2A6B00350A4E /* MySeriesGatewayStub.swift */,
			);
			name = Gateways;
			sourceTree = "<group>";
		};
		D7476A3D1F0D2AB200350A4E /* Interactors */ = {
			isa = PBXGroup;
			children = (
				D7DC13201F0D61D000DB1B79 /* ListMySeriesInteractorTests.swift */,
			);
			name = Interactors;
			sourceTree = "<group>";
		};
		D7476A3E1F0D2ABB00350A4E /* Presenters */ = {
			isa = PBXGroup;
			children = (
				D7DC131B1F0D607900DB1B79 /* ListMySeriesOutputPresenterMock.swift */,
			);
			name = Presenters;
			sourceTree = "<group>";
		};
		D75BB83A1F0BBB1F008127D6 = {
			isa = PBXGroup;
			children = (
				D75BB8451F0BBB1F008127D6 /* MySeries */,
				D75BB85A1F0BBB1F008127D6 /* MySeriesTests */,
				D75BB8651F0BBB20008127D6 /* MySeriesUITests */,
				D75BB87A1F0BBBC5008127D6 /* MySeriesFramework */,
				D75BB8871F0BBBC5008127D6 /* MySeriesFrameworkTests */,
				D75BB8441F0BBB1F008127D6 /* Products */,
				9D04227C350B86FA539B3406 /* Pods */,
				CBDB824926B888431F041C82 /* Frameworks */,
			);
			sourceTree = "<group>";
		};
		D75BB8441F0BBB1F008127D6 /* Products */ = {
			isa = PBXGroup;
			children = (
				D75BB8431F0BBB1F008127D6 /* MySeries.app */,
				D75BB8571F0BBB1F008127D6 /* MySeriesTests.xctest */,
				D75BB8621F0BBB20008127D6 /* MySeriesUITests.xctest */,
				D75BB8791F0BBBC5008127D6 /* MySeriesFramework.framework */,
				D75BB8811F0BBBC5008127D6 /* MySeriesFrameworkTests.xctest */,
			);
			name = Products;
			sourceTree = "<group>";
		};
		D75BB8451F0BBB1F008127D6 /* MySeries */ = {
			isa = PBXGroup;
			children = (
				D75BB8A21F0BC048008127D6 /* Presenters */,
				D75BB8A11F0BC041008127D6 /* Routers */,
				D75BB8A01F0BC039008127D6 /* Views */,
				D75BB89F1F0BC031008127D6 /* ViewControllers */,
				D75BB89E1F0BC027008127D6 /* ApplicationBase */,
			);
			path = MySeries;
			sourceTree = "<group>";
		};
		D75BB85A1F0BBB1F008127D6 /* MySeriesTests */ = {
			isa = PBXGroup;
			children = (
				D75BB85B1F0BBB1F008127D6 /* MySeriesTests.swift */,
				D75BB85D1F0BBB1F008127D6 /* Info.plist */,
			);
			path = MySeriesTests;
			sourceTree = "<group>";
		};
		D75BB8651F0BBB20008127D6 /* MySeriesUITests */ = {
			isa = PBXGroup;
			children = (
				D75BB8661F0BBB20008127D6 /* MySeriesUITests.swift */,
				D75BB8681F0BBB20008127D6 /* Info.plist */,
			);
			path = MySeriesUITests;
			sourceTree = "<group>";
		};
		D75BB87A1F0BBBC5008127D6 /* MySeriesFramework */ = {
			isa = PBXGroup;
			children = (
				D75BB89D1F0BC005008127D6 /* Interactors */,
				D75BB89C1F0BBFFC008127D6 /* Presenters */,
				D75BB89B1F0BBFF5008127D6 /* Routers */,
				D75BB89A1F0BBFEB008127D6 /* Gateways */,
				D75BB8991F0BBFE0008127D6 /* Repositories */,
				D75BB8981F0BBFC8008127D6 /* Entities */,
				D75BB87B1F0BBBC5008127D6 /* MySeriesFramework.h */,
				D75BB87C1F0BBBC5008127D6 /* Info.plist */,
			);
			path = MySeriesFramework;
			sourceTree = "<group>";
		};
		D75BB8871F0BBBC5008127D6 /* MySeriesFrameworkTests */ = {
			isa = PBXGroup;
			children = (
				D7476A391F0D28C100350A4E /* MockTests */,
				D75BB8B51F0C0058008127D6 /* IntegrationTests */,
				D75BB88A1F0BBBC5008127D6 /* Info.plist */,
			);
			path = MySeriesFrameworkTests;
			sourceTree = "<group>";
		};
		D75BB8981F0BBFC8008127D6 /* Entities */ = {
			isa = PBXGroup;
			children = (
				D75BB8CB1F0C2DCE008127D6 /* ShowEntity.swift */,
				D75BB8D21F0C2F8D008127D6 /* EpisodeEntity.swift */,
				D7E3288A1F0EA5D900EF6B01 /* IdEntity.swift */,
			);
			name = Entities;
			sourceTree = "<group>";
		};
		D75BB8991F0BBFE0008127D6 /* Repositories */ = {
			isa = PBXGroup;
			children = (
				D7476A431F0D374500350A4E /* MySeriesRepository.swift */,
			);
			name = Repositories;
			sourceTree = "<group>";
		};
		D75BB89A1F0BBFEB008127D6 /* Gateways */ = {
			isa = PBXGroup;
			children = (
				D75BB8CD1F0C2E72008127D6 /* Responses */,
				D75BB8B21F0BE5DE008127D6 /* Requests */,
				D75BB8A31F0BC113008127D6 /* Models */,
				D75BB8A61F0BD900008127D6 /* MySeriesGateway.swift */,
				D75BB8B01F0BE3EB008127D6 /* MySeriesGatewayImpl.swift */,
				D75BB8D41F0C3100008127D6 /* AlamofireHttpRequester.swift */,
				D7E3288C1F0EC7E700EF6B01 /* AuthenticationGateway.swift */,
				D7E3288E1F0EC87D00EF6B01 /* AuthenticationGatewayImpl.swift */,
			);
			name = Gateways;
			sourceTree = "<group>";
		};
		D75BB89B1F0BBFF5008127D6 /* Routers */ = {
			isa = PBXGroup;
			children = (
			);
			name = Routers;
			sourceTree = "<group>";
		};
		D75BB89C1F0BBFFC008127D6 /* Presenters */ = {
			isa = PBXGroup;
			children = (
				D7476A3F1F0D2B4300350A4E /* ListMySeriesOutputPresenter.swift */,
			);
			name = Presenters;
			sourceTree = "<group>";
		};
		D75BB89D1F0BC005008127D6 /* Interactors */ = {
			isa = PBXGroup;
			children = (
				D7476A411F0D351D00350A4E /* ListMySeriesInteractor.swift */,
			);
			name = Interactors;
			sourceTree = "<group>";
		};
		D75BB89E1F0BC027008127D6 /* ApplicationBase */ = {
			isa = PBXGroup;
			children = (
				D75BB8461F0BBB1F008127D6 /* AppDelegate.swift */,
				D75BB8521F0BBB1F008127D6 /* Info.plist */,
				D7E328881F0E817D00EF6B01 /* Assets.xcassets */,
			);
			name = ApplicationBase;
			sourceTree = "<group>";
		};
		D75BB89F1F0BC031008127D6 /* ViewControllers */ = {
			isa = PBXGroup;
			children = (
				D75BB8C21F0C13FA008127D6 /* LoginViewController.swift */,
				D7DC13271F0D7C6A00DB1B79 /* ListMySeriesViewController.swift */,
				D7DC13291F0D7DAA00DB1B79 /* ListMySeriesDataSource.swift */,
			);
			name = ViewControllers;
			sourceTree = "<group>";
		};
		D75BB8A01F0BC039008127D6 /* Views */ = {
			isa = PBXGroup;
			children = (
				D75BB84A1F0BBB1F008127D6 /* Main.storyboard */,
				D75BB84F1F0BBB1F008127D6 /* LaunchScreen.storyboard */,
				D7DC132B1F0D800C00DB1B79 /* MySeriesCollectionViewCell.swift */,
			);
			name = Views;
			sourceTree = "<group>";
		};
		D75BB8A11F0BC041008127D6 /* Routers */ = {
			isa = PBXGroup;
			children = (
			);
			name = Routers;
			sourceTree = "<group>";
		};
		D75BB8A21F0BC048008127D6 /* Presenters */ = {
			isa = PBXGroup;
			children = (
			);
			name = Presenters;
			sourceTree = "<group>";
		};
		D75BB8A31F0BC113008127D6 /* Models */ = {
			isa = PBXGroup;
			children = (
				D75BB8A41F0BC147008127D6 /* EndPoint.swift */,
				D75BB8A81F0BD9D9008127D6 /* WSCredentials.swift */,
				D75BB8AA1F0BDEFC008127D6 /* ResultWrapper.swift */,
				D75BB8AC1F0BDF8C008127D6 /* HttpError.swift */,
				D75BB8AE1F0BE229008127D6 /* Token.swift */,
			);
			name = Models;
			sourceTree = "<group>";
		};
		D75BB8B21F0BE5DE008127D6 /* Requests */ = {
			isa = PBXGroup;
			children = (
				D75BB8B31F0BE5F1008127D6 /* AuthRQ.swift */,
				D75BB8C71F0C2C70008127D6 /* GetMySeriesRQ.swift */,
			);
			name = Requests;
			sourceTree = "<group>";
		};
		D75BB8B51F0C0058008127D6 /* IntegrationTests */ = {
			isa = PBXGroup;
			children = (
				D75BB8B61F0C006A008127D6 /* Gateways */,
			);
			name = IntegrationTests;
			sourceTree = "<group>";
		};
		D75BB8B61F0C006A008127D6 /* Gateways */ = {
			isa = PBXGroup;
			children = (
				D75BB8B71F0C0079008127D6 /* Authentication */,
			);
			name = Gateways;
			sourceTree = "<group>";
		};
		D75BB8B71F0C0079008127D6 /* Authentication */ = {
			isa = PBXGroup;
			children = (
				D75BB8B81F0C00A6008127D6 /* AuthenticationGatewayTests.swift */,
			);
			name = Authentication;
			sourceTree = "<group>";
		};
		D75BB8CD1F0C2E72008127D6 /* Responses */ = {
			isa = PBXGroup;
			children = (
				D75BB8CE1F0C2E86008127D6 /* GetMySeriesRS.swift */,
			);
			name = Responses;
			sourceTree = "<group>";
		};
/* End PBXGroup section */

/* Begin PBXHeadersBuildPhase section */
		D75BB8761F0BBBC5008127D6 /* Headers */ = {
			isa = PBXHeadersBuildPhase;
			buildActionMask = 2147483647;
			files = (
				D75BB88B1F0BBBC5008127D6 /* MySeriesFramework.h in Headers */,
			);
			runOnlyForDeploymentPostprocessing = 0;
		};
/* End PBXHeadersBuildPhase section */

/* Begin PBXNativeTarget section */
		D75BB8421F0BBB1F008127D6 /* MySeries */ = {
			isa = PBXNativeTarget;
			buildConfigurationList = D75BB86B1F0BBB20008127D6 /* Build configuration list for PBXNativeTarget "MySeries" */;
			buildPhases = (
				CA035F3B50B6F2910446CA43 /* [CP] Check Pods Manifest.lock */,
				D75BB83F1F0BBB1F008127D6 /* Sources */,
				D75BB8401F0BBB1F008127D6 /* Frameworks */,
				D75BB8411F0BBB1F008127D6 /* Resources */,
				D75BB8931F0BBBC5008127D6 /* Embed Frameworks */,
				464A8FE47893677FFDBCE2EF /* [CP] Embed Pods Frameworks */,
				6C5E12950A4FE3A89BF42954 /* [CP] Copy Pods Resources */,
			);
			buildRules = (
			);
			dependencies = (
				D75BB88D1F0BBBC5008127D6 /* PBXTargetDependency */,
			);
			name = MySeries;
			productName = MySeries;
			productReference = D75BB8431F0BBB1F008127D6 /* MySeries.app */;
			productType = "com.apple.product-type.application";
		};
		D75BB8561F0BBB1F008127D6 /* MySeriesTests */ = {
			isa = PBXNativeTarget;
			buildConfigurationList = D75BB86E1F0BBB20008127D6 /* Build configuration list for PBXNativeTarget "MySeriesTests" */;
			buildPhases = (
				1AB59903EA4CDAE048CCFA81 /* [CP] Check Pods Manifest.lock */,
				D75BB8531F0BBB1F008127D6 /* Sources */,
				D75BB8541F0BBB1F008127D6 /* Frameworks */,
				D75BB8551F0BBB1F008127D6 /* Resources */,
				464A32F9558808984F68C21A /* [CP] Embed Pods Frameworks */,
				0C7AF3C526DCB4B18C106A05 /* [CP] Copy Pods Resources */,
			);
			buildRules = (
			);
			dependencies = (
				D75BB8591F0BBB1F008127D6 /* PBXTargetDependency */,
			);
			name = MySeriesTests;
			productName = MySeriesTests;
			productReference = D75BB8571F0BBB1F008127D6 /* MySeriesTests.xctest */;
			productType = "com.apple.product-type.bundle.unit-test";
		};
		D75BB8611F0BBB20008127D6 /* MySeriesUITests */ = {
			isa = PBXNativeTarget;
			buildConfigurationList = D75BB8711F0BBB20008127D6 /* Build configuration list for PBXNativeTarget "MySeriesUITests" */;
			buildPhases = (
				76C7652EF85CB76757313B89 /* [CP] Check Pods Manifest.lock */,
				D75BB85E1F0BBB20008127D6 /* Sources */,
				D75BB85F1F0BBB20008127D6 /* Frameworks */,
				D75BB8601F0BBB20008127D6 /* Resources */,
				7DD176DBAEDD3F0BF99F44AF /* [CP] Embed Pods Frameworks */,
				464F6CF5EC8AD996D57BAA07 /* [CP] Copy Pods Resources */,
			);
			buildRules = (
			);
			dependencies = (
				D75BB8641F0BBB20008127D6 /* PBXTargetDependency */,
			);
			name = MySeriesUITests;
			productName = MySeriesUITests;
			productReference = D75BB8621F0BBB20008127D6 /* MySeriesUITests.xctest */;
			productType = "com.apple.product-type.bundle.ui-testing";
		};
		D75BB8781F0BBBC5008127D6 /* MySeriesFramework */ = {
			isa = PBXNativeTarget;
			buildConfigurationList = D75BB8901F0BBBC5008127D6 /* Build configuration list for PBXNativeTarget "MySeriesFramework" */;
			buildPhases = (
				A46F8668072E05A4E1451BFA /* [CP] Check Pods Manifest.lock */,
				D75BB8741F0BBBC5008127D6 /* Sources */,
				D75BB8751F0BBBC5008127D6 /* Frameworks */,
				D75BB8761F0BBBC5008127D6 /* Headers */,
				D75BB8771F0BBBC5008127D6 /* Resources */,
				1F82BDC2ED8E8EC61288408D /* [CP] Copy Pods Resources */,
			);
			buildRules = (
			);
			dependencies = (
			);
			name = MySeriesFramework;
			productName = MySeriesFramework;
			productReference = D75BB8791F0BBBC5008127D6 /* MySeriesFramework.framework */;
			productType = "com.apple.product-type.framework";
		};
		D75BB8801F0BBBC5008127D6 /* MySeriesFrameworkTests */ = {
			isa = PBXNativeTarget;
			buildConfigurationList = D75BB8941F0BBBC5008127D6 /* Build configuration list for PBXNativeTarget "MySeriesFrameworkTests" */;
			buildPhases = (
				5073A52F0D828C7F6787968C /* [CP] Check Pods Manifest.lock */,
				D75BB87D1F0BBBC5008127D6 /* Sources */,
				D75BB87E1F0BBBC5008127D6 /* Frameworks */,
				D75BB87F1F0BBBC5008127D6 /* Resources */,
				69BEEEAFA80FE25B49F282D7 /* [CP] Embed Pods Frameworks */,
				0FBD7401D3633A2E882E480A /* [CP] Copy Pods Resources */,
			);
			buildRules = (
			);
			dependencies = (
				D75BB8841F0BBBC5008127D6 /* PBXTargetDependency */,
				D75BB8861F0BBBC5008127D6 /* PBXTargetDependency */,
			);
			name = MySeriesFrameworkTests;
			productName = MySeriesFrameworkTests;
			productReference = D75BB8811F0BBBC5008127D6 /* MySeriesFrameworkTests.xctest */;
			productType = "com.apple.product-type.bundle.unit-test";
		};
/* End PBXNativeTarget section */

/* Begin PBXProject section */
		D75BB83B1F0BBB1F008127D6 /* Project object */ = {
			isa = PBXProject;
			attributes = {
				LastSwiftUpdateCheck = 0830;
				LastUpgradeCheck = 0830;
				ORGANIZATIONNAME = Wooba;
				TargetAttributes = {
					D75BB8421F0BBB1F008127D6 = {
						CreatedOnToolsVersion = 8.3.3;
						DevelopmentTeam = Y799YUNDK5;
						ProvisioningStyle = Automatic;
					};
					D75BB8561F0BBB1F008127D6 = {
						CreatedOnToolsVersion = 8.3.3;
						DevelopmentTeam = Y799YUNDK5;
						ProvisioningStyle = Automatic;
						TestTargetID = D75BB8421F0BBB1F008127D6;
					};
					D75BB8611F0BBB20008127D6 = {
						CreatedOnToolsVersion = 8.3.3;
						DevelopmentTeam = Y799YUNDK5;
						ProvisioningStyle = Automatic;
						TestTargetID = D75BB8421F0BBB1F008127D6;
					};
					D75BB8781F0BBBC5008127D6 = {
						CreatedOnToolsVersion = 8.3.3;
						DevelopmentTeam = Y799YUNDK5;
						LastSwiftMigration = 0830;
						ProvisioningStyle = Automatic;
					};
					D75BB8801F0BBBC5008127D6 = {
						CreatedOnToolsVersion = 8.3.3;
						DevelopmentTeam = Y799YUNDK5;
						LastSwiftMigration = 0830;
						ProvisioningStyle = Automatic;
						TestTargetID = D75BB8421F0BBB1F008127D6;
					};
				};
			};
			buildConfigurationList = D75BB83E1F0BBB1F008127D6 /* Build configuration list for PBXProject "MySeries" */;
			compatibilityVersion = "Xcode 3.2";
			developmentRegion = English;
			hasScannedForEncodings = 0;
			knownRegions = (
				en,
				Base,
			);
			mainGroup = D75BB83A1F0BBB1F008127D6;
			productRefGroup = D75BB8441F0BBB1F008127D6 /* Products */;
			projectDirPath = "";
			projectRoot = "";
			targets = (
				D75BB8421F0BBB1F008127D6 /* MySeries */,
				D75BB8561F0BBB1F008127D6 /* MySeriesTests */,
				D75BB8611F0BBB20008127D6 /* MySeriesUITests */,
				D75BB8781F0BBBC5008127D6 /* MySeriesFramework */,
				D75BB8801F0BBBC5008127D6 /* MySeriesFrameworkTests */,
			);
		};
/* End PBXProject section */

/* Begin PBXResourcesBuildPhase section */
		D75BB8411F0BBB1F008127D6 /* Resources */ = {
			isa = PBXResourcesBuildPhase;
			buildActionMask = 2147483647;
			files = (
				D75BB8511F0BBB1F008127D6 /* LaunchScreen.storyboard in Resources */,
				D7E328891F0E817D00EF6B01 /* Assets.xcassets in Resources */,
				D75BB84C1F0BBB1F008127D6 /* Main.storyboard in Resources */,
			);
			runOnlyForDeploymentPostprocessing = 0;
		};
		D75BB8551F0BBB1F008127D6 /* Resources */ = {
			isa = PBXResourcesBuildPhase;
			buildActionMask = 2147483647;
			files = (
			);
			runOnlyForDeploymentPostprocessing = 0;
		};
		D75BB8601F0BBB20008127D6 /* Resources */ = {
			isa = PBXResourcesBuildPhase;
			buildActionMask = 2147483647;
			files = (
			);
			runOnlyForDeploymentPostprocessing = 0;
		};
		D75BB8771F0BBBC5008127D6 /* Resources */ = {
			isa = PBXResourcesBuildPhase;
			buildActionMask = 2147483647;
			files = (
			);
			runOnlyForDeploymentPostprocessing = 0;
		};
		D75BB87F1F0BBBC5008127D6 /* Resources */ = {
			isa = PBXResourcesBuildPhase;
			buildActionMask = 2147483647;
			files = (
			);
			runOnlyForDeploymentPostprocessing = 0;
		};
/* End PBXResourcesBuildPhase section */

/* Begin PBXShellScriptBuildPhase section */
		0C7AF3C526DCB4B18C106A05 /* [CP] Copy Pods Resources */ = {
			isa = PBXShellScriptBuildPhase;
			buildActionMask = 2147483647;
			files = (
			);
			inputPaths = (
			);
			name = "[CP] Copy Pods Resources";
			outputPaths = (
			);
			runOnlyForDeploymentPostprocessing = 0;
			shellPath = /bin/sh;
			shellScript = "\"${SRCROOT}/Pods/Target Support Files/Pods-MySeriesTests/Pods-MySeriesTests-resources.sh\"\n";
			showEnvVarsInLog = 0;
		};
		0FBD7401D3633A2E882E480A /* [CP] Copy Pods Resources */ = {
			isa = PBXShellScriptBuildPhase;
			buildActionMask = 2147483647;
			files = (
			);
			inputPaths = (
			);
			name = "[CP] Copy Pods Resources";
			outputPaths = (
			);
			runOnlyForDeploymentPostprocessing = 0;
			shellPath = /bin/sh;
			shellScript = "\"${SRCROOT}/Pods/Target Support Files/Pods-MySeriesFrameworkTests/Pods-MySeriesFrameworkTests-resources.sh\"\n";
			showEnvVarsInLog = 0;
		};
		1AB59903EA4CDAE048CCFA81 /* [CP] Check Pods Manifest.lock */ = {
			isa = PBXShellScriptBuildPhase;
			buildActionMask = 2147483647;
			files = (
			);
			inputPaths = (
			);
			name = "[CP] Check Pods Manifest.lock";
			outputPaths = (
			);
			runOnlyForDeploymentPostprocessing = 0;
			shellPath = /bin/sh;
			shellScript = "diff \"${PODS_PODFILE_DIR_PATH}/Podfile.lock\" \"${PODS_ROOT}/Manifest.lock\" > /dev/null\nif [ $? != 0 ] ; then\n    # print error to STDERR\n    echo \"error: The sandbox is not in sync with the Podfile.lock. Run 'pod install' or update your CocoaPods installation.\" >&2\n    exit 1\nfi\n";
			showEnvVarsInLog = 0;
		};
		1F82BDC2ED8E8EC61288408D /* [CP] Copy Pods Resources */ = {
			isa = PBXShellScriptBuildPhase;
			buildActionMask = 2147483647;
			files = (
			);
			inputPaths = (
			);
			name = "[CP] Copy Pods Resources";
			outputPaths = (
			);
			runOnlyForDeploymentPostprocessing = 0;
			shellPath = /bin/sh;
			shellScript = "\"${SRCROOT}/Pods/Target Support Files/Pods-MySeriesFramework/Pods-MySeriesFramework-resources.sh\"\n";
			showEnvVarsInLog = 0;
		};
		464A32F9558808984F68C21A /* [CP] Embed Pods Frameworks */ = {
			isa = PBXShellScriptBuildPhase;
			buildActionMask = 2147483647;
			files = (
			);
			inputPaths = (
			);
			name = "[CP] Embed Pods Frameworks";
			outputPaths = (
			);
			runOnlyForDeploymentPostprocessing = 0;
			shellPath = /bin/sh;
			shellScript = "\"${SRCROOT}/Pods/Target Support Files/Pods-MySeriesTests/Pods-MySeriesTests-frameworks.sh\"\n";
			showEnvVarsInLog = 0;
		};
		464A8FE47893677FFDBCE2EF /* [CP] Embed Pods Frameworks */ = {
			isa = PBXShellScriptBuildPhase;
			buildActionMask = 2147483647;
			files = (
			);
			inputPaths = (
			);
			name = "[CP] Embed Pods Frameworks";
			outputPaths = (
			);
			runOnlyForDeploymentPostprocessing = 0;
			shellPath = /bin/sh;
			shellScript = "\"${SRCROOT}/Pods/Target Support Files/Pods-MySeries/Pods-MySeries-frameworks.sh\"\n";
			showEnvVarsInLog = 0;
		};
		464F6CF5EC8AD996D57BAA07 /* [CP] Copy Pods Resources */ = {
			isa = PBXShellScriptBuildPhase;
			buildActionMask = 2147483647;
			files = (
			);
			inputPaths = (
			);
			name = "[CP] Copy Pods Resources";
			outputPaths = (
			);
			runOnlyForDeploymentPostprocessing = 0;
			shellPath = /bin/sh;
			shellScript = "\"${SRCROOT}/Pods/Target Support Files/Pods-MySeriesUITests/Pods-MySeriesUITests-resources.sh\"\n";
			showEnvVarsInLog = 0;
		};
		5073A52F0D828C7F6787968C /* [CP] Check Pods Manifest.lock */ = {
			isa = PBXShellScriptBuildPhase;
			buildActionMask = 2147483647;
			files = (
			);
			inputPaths = (
			);
			name = "[CP] Check Pods Manifest.lock";
			outputPaths = (
			);
			runOnlyForDeploymentPostprocessing = 0;
			shellPath = /bin/sh;
			shellScript = "diff \"${PODS_PODFILE_DIR_PATH}/Podfile.lock\" \"${PODS_ROOT}/Manifest.lock\" > /dev/null\nif [ $? != 0 ] ; then\n    # print error to STDERR\n    echo \"error: The sandbox is not in sync with the Podfile.lock. Run 'pod install' or update your CocoaPods installation.\" >&2\n    exit 1\nfi\n";
			showEnvVarsInLog = 0;
		};
		69BEEEAFA80FE25B49F282D7 /* [CP] Embed Pods Frameworks */ = {
			isa = PBXShellScriptBuildPhase;
			buildActionMask = 2147483647;
			files = (
			);
			inputPaths = (
			);
			name = "[CP] Embed Pods Frameworks";
			outputPaths = (
			);
			runOnlyForDeploymentPostprocessing = 0;
			shellPath = /bin/sh;
			shellScript = "\"${SRCROOT}/Pods/Target Support Files/Pods-MySeriesFrameworkTests/Pods-MySeriesFrameworkTests-frameworks.sh\"\n";
			showEnvVarsInLog = 0;
		};
		6C5E12950A4FE3A89BF42954 /* [CP] Copy Pods Resources */ = {
			isa = PBXShellScriptBuildPhase;
			buildActionMask = 2147483647;
			files = (
			);
			inputPaths = (
			);
			name = "[CP] Copy Pods Resources";
			outputPaths = (
			);
			runOnlyForDeploymentPostprocessing = 0;
			shellPath = /bin/sh;
			shellScript = "\"${SRCROOT}/Pods/Target Support Files/Pods-MySeries/Pods-MySeries-resources.sh\"\n";
			showEnvVarsInLog = 0;
		};
		76C7652EF85CB76757313B89 /* [CP] Check Pods Manifest.lock */ = {
			isa = PBXShellScriptBuildPhase;
			buildActionMask = 2147483647;
			files = (
			);
			inputPaths = (
			);
			name = "[CP] Check Pods Manifest.lock";
			outputPaths = (
			);
			runOnlyForDeploymentPostprocessing = 0;
			shellPath = /bin/sh;
			shellScript = "diff \"${PODS_PODFILE_DIR_PATH}/Podfile.lock\" \"${PODS_ROOT}/Manifest.lock\" > /dev/null\nif [ $? != 0 ] ; then\n    # print error to STDERR\n    echo \"error: The sandbox is not in sync with the Podfile.lock. Run 'pod install' or update your CocoaPods installation.\" >&2\n    exit 1\nfi\n";
			showEnvVarsInLog = 0;
		};
		7DD176DBAEDD3F0BF99F44AF /* [CP] Embed Pods Frameworks */ = {
			isa = PBXShellScriptBuildPhase;
			buildActionMask = 2147483647;
			files = (
			);
			inputPaths = (
			);
			name = "[CP] Embed Pods Frameworks";
			outputPaths = (
			);
			runOnlyForDeploymentPostprocessing = 0;
			shellPath = /bin/sh;
			shellScript = "\"${SRCROOT}/Pods/Target Support Files/Pods-MySeriesUITests/Pods-MySeriesUITests-frameworks.sh\"\n";
			showEnvVarsInLog = 0;
		};
		A46F8668072E05A4E1451BFA /* [CP] Check Pods Manifest.lock */ = {
			isa = PBXShellScriptBuildPhase;
			buildActionMask = 2147483647;
			files = (
			);
			inputPaths = (
			);
			name = "[CP] Check Pods Manifest.lock";
			outputPaths = (
			);
			runOnlyForDeploymentPostprocessing = 0;
			shellPath = /bin/sh;
			shellScript = "diff \"${PODS_PODFILE_DIR_PATH}/Podfile.lock\" \"${PODS_ROOT}/Manifest.lock\" > /dev/null\nif [ $? != 0 ] ; then\n    # print error to STDERR\n    echo \"error: The sandbox is not in sync with the Podfile.lock. Run 'pod install' or update your CocoaPods installation.\" >&2\n    exit 1\nfi\n";
			showEnvVarsInLog = 0;
		};
		CA035F3B50B6F2910446CA43 /* [CP] Check Pods Manifest.lock */ = {
			isa = PBXShellScriptBuildPhase;
			buildActionMask = 2147483647;
			files = (
			);
			inputPaths = (
			);
			name = "[CP] Check Pods Manifest.lock";
			outputPaths = (
			);
			runOnlyForDeploymentPostprocessing = 0;
			shellPath = /bin/sh;
			shellScript = "diff \"${PODS_PODFILE_DIR_PATH}/Podfile.lock\" \"${PODS_ROOT}/Manifest.lock\" > /dev/null\nif [ $? != 0 ] ; then\n    # print error to STDERR\n    echo \"error: The sandbox is not in sync with the Podfile.lock. Run 'pod install' or update your CocoaPods installation.\" >&2\n    exit 1\nfi\n";
			showEnvVarsInLog = 0;
		};
/* End PBXShellScriptBuildPhase section */

/* Begin PBXSourcesBuildPhase section */
		D75BB83F1F0BBB1F008127D6 /* Sources */ = {
			isa = PBXSourcesBuildPhase;
			buildActionMask = 2147483647;
			files = (
				D75BB8C31F0C13FA008127D6 /* LoginViewController.swift in Sources */,
				D7DC132C1F0D800C00DB1B79 /* MySeriesCollectionViewCell.swift in Sources */,
				D7DC13281F0D7C6A00DB1B79 /* ListMySeriesViewController.swift in Sources */,
				D75BB8471F0BBB1F008127D6 /* AppDelegate.swift in Sources */,
				D7DC132A1F0D7DAA00DB1B79 /* ListMySeriesDataSource.swift in Sources */,
			);
			runOnlyForDeploymentPostprocessing = 0;
		};
		D75BB8531F0BBB1F008127D6 /* Sources */ = {
			isa = PBXSourcesBuildPhase;
			buildActionMask = 2147483647;
			files = (
				D75BB85C1F0BBB1F008127D6 /* MySeriesTests.swift in Sources */,
			);
			runOnlyForDeploymentPostprocessing = 0;
		};
		D75BB85E1F0BBB20008127D6 /* Sources */ = {
			isa = PBXSourcesBuildPhase;
			buildActionMask = 2147483647;
			files = (
				D75BB8671F0BBB20008127D6 /* MySeriesUITests.swift in Sources */,
			);
			runOnlyForDeploymentPostprocessing = 0;
		};
		D75BB8741F0BBBC5008127D6 /* Sources */ = {
			isa = PBXSourcesBuildPhase;
			buildActionMask = 2147483647;
			files = (
				D75BB8A91F0BD9D9008127D6 /* WSCredentials.swift in Sources */,
				D75BB8A51F0BC147008127D6 /* EndPoint.swift in Sources */,
				D75BB8CC1F0C2DCE008127D6 /* ShowEntity.swift in Sources */,
				D75BB8AD1F0BDF8C008127D6 /* HttpError.swift in Sources */,
				D75BB8AF1F0BE229008127D6 /* Token.swift in Sources */,
				D7E3288B1F0EA5D900EF6B01 /* IdEntity.swift in Sources */,
				D7476A421F0D351D00350A4E /* ListMySeriesInteractor.swift in Sources */,
				D7476A401F0D2B4300350A4E /* ListMySeriesOutputPresenter.swift in Sources */,
				D75BB8D51F0C3100008127D6 /* AlamofireHttpRequester.swift in Sources */,
				D75BB8B41F0BE5F1008127D6 /* AuthRQ.swift in Sources */,
				D7E3288F1F0EC87D00EF6B01 /* AuthenticationGatewayImpl.swift in Sources */,
				D75BB8B11F0BE3EB008127D6 /* MySeriesGatewayImpl.swift in Sources */,
				D7476A441F0D374500350A4E /* MySeriesRepository.swift in Sources */,
				D75BB8D31F0C2F8D008127D6 /* EpisodeEntity.swift in Sources */,
				D75BB8C81F0C2C70008127D6 /* GetMySeriesRQ.swift in Sources */,
				D75BB8CF1F0C2E86008127D6 /* GetMySeriesRS.swift in Sources */,
				D75BB8AB1F0BDEFC008127D6 /* ResultWrapper.swift in Sources */,
				D7E3288D1F0EC7E700EF6B01 /* AuthenticationGateway.swift in Sources */,
				D75BB8A71F0BD900008127D6 /* MySeriesGateway.swift in Sources */,
			);
			runOnlyForDeploymentPostprocessing = 0;
		};
		D75BB87D1F0BBBC5008127D6 /* Sources */ = {
			isa = PBXSourcesBuildPhase;
			buildActionMask = 2147483647;
			files = (
				D7DC13211F0D61D000DB1B79 /* ListMySeriesInteractorTests.swift in Sources */,
				D7476A3C1F0D2A6B00350A4E /* MySeriesGatewayStub.swift in Sources */,
				D75BB8B91F0C00A6008127D6 /* AuthenticationGatewayTests.swift in Sources */,
				D7DC131C1F0D607900DB1B79 /* ListMySeriesOutputPresenterMock.swift in Sources */,
			);
			runOnlyForDeploymentPostprocessing = 0;
		};
/* End PBXSourcesBuildPhase section */

/* Begin PBXTargetDependency section */
		D75BB8591F0BBB1F008127D6 /* PBXTargetDependency */ = {
			isa = PBXTargetDependency;
			target = D75BB8421F0BBB1F008127D6 /* MySeries */;
			targetProxy = D75BB8581F0BBB1F008127D6 /* PBXContainerItemProxy */;
		};
		D75BB8641F0BBB20008127D6 /* PBXTargetDependency */ = {
			isa = PBXTargetDependency;
			target = D75BB8421F0BBB1F008127D6 /* MySeries */;
			targetProxy = D75BB8631F0BBB20008127D6 /* PBXContainerItemProxy */;
		};
		D75BB8841F0BBBC5008127D6 /* PBXTargetDependency */ = {
			isa = PBXTargetDependency;
			target = D75BB8781F0BBBC5008127D6 /* MySeriesFramework */;
			targetProxy = D75BB8831F0BBBC5008127D6 /* PBXContainerItemProxy */;
		};
		D75BB8861F0BBBC5008127D6 /* PBXTargetDependency */ = {
			isa = PBXTargetDependency;
			target = D75BB8421F0BBB1F008127D6 /* MySeries */;
			targetProxy = D75BB8851F0BBBC5008127D6 /* PBXContainerItemProxy */;
		};
		D75BB88D1F0BBBC5008127D6 /* PBXTargetDependency */ = {
			isa = PBXTargetDependency;
			target = D75BB8781F0BBBC5008127D6 /* MySeriesFramework */;
			targetProxy = D75BB88C1F0BBBC5008127D6 /* PBXContainerItemProxy */;
		};
/* End PBXTargetDependency section */

/* Begin PBXVariantGroup section */
		D75BB84A1F0BBB1F008127D6 /* Main.storyboard */ = {
			isa = PBXVariantGroup;
			children = (
				D75BB84B1F0BBB1F008127D6 /* Base */,
			);
			name = Main.storyboard;
			sourceTree = "<group>";
		};
		D75BB84F1F0BBB1F008127D6 /* LaunchScreen.storyboard */ = {
			isa = PBXVariantGroup;
			children = (
				D75BB8501F0BBB1F008127D6 /* Base */,
			);
			name = LaunchScreen.storyboard;
			sourceTree = "<group>";
		};
/* End PBXVariantGroup section */

/* Begin XCBuildConfiguration section */
		D75BB8691F0BBB20008127D6 /* Debug */ = {
			isa = XCBuildConfiguration;
			buildSettings = {
				ALWAYS_SEARCH_USER_PATHS = NO;
				CLANG_ANALYZER_NONNULL = YES;
				CLANG_ANALYZER_NUMBER_OBJECT_CONVERSION = YES_AGGRESSIVE;
				CLANG_CXX_LANGUAGE_STANDARD = "gnu++0x";
				CLANG_CXX_LIBRARY = "libc++";
				CLANG_ENABLE_MODULES = YES;
				CLANG_ENABLE_OBJC_ARC = YES;
				CLANG_WARN_BOOL_CONVERSION = YES;
				CLANG_WARN_CONSTANT_CONVERSION = YES;
				CLANG_WARN_DIRECT_OBJC_ISA_USAGE = YES_ERROR;
				CLANG_WARN_DOCUMENTATION_COMMENTS = YES;
				CLANG_WARN_EMPTY_BODY = YES;
				CLANG_WARN_ENUM_CONVERSION = YES;
				CLANG_WARN_INFINITE_RECURSION = YES;
				CLANG_WARN_INT_CONVERSION = YES;
				CLANG_WARN_OBJC_ROOT_CLASS = YES_ERROR;
				CLANG_WARN_SUSPICIOUS_MOVE = YES;
				CLANG_WARN_UNREACHABLE_CODE = YES;
				CLANG_WARN__DUPLICATE_METHOD_MATCH = YES;
				"CODE_SIGN_IDENTITY[sdk=iphoneos*]" = "iPhone Developer";
				COPY_PHASE_STRIP = NO;
				DEBUG_INFORMATION_FORMAT = dwarf;
				ENABLE_STRICT_OBJC_MSGSEND = YES;
				ENABLE_TESTABILITY = YES;
				GCC_C_LANGUAGE_STANDARD = gnu99;
				GCC_DYNAMIC_NO_PIC = NO;
				GCC_NO_COMMON_BLOCKS = YES;
				GCC_OPTIMIZATION_LEVEL = 0;
				GCC_PREPROCESSOR_DEFINITIONS = (
					"DEBUG=1",
					"$(inherited)",
				);
				GCC_WARN_64_TO_32_BIT_CONVERSION = YES;
				GCC_WARN_ABOUT_RETURN_TYPE = YES_ERROR;
				GCC_WARN_UNDECLARED_SELECTOR = YES;
				GCC_WARN_UNINITIALIZED_AUTOS = YES_AGGRESSIVE;
				GCC_WARN_UNUSED_FUNCTION = YES;
				GCC_WARN_UNUSED_VARIABLE = YES;
				IPHONEOS_DEPLOYMENT_TARGET = 10.3;
				MTL_ENABLE_DEBUG_INFO = YES;
				ONLY_ACTIVE_ARCH = YES;
				SDKROOT = iphoneos;
				SWIFT_ACTIVE_COMPILATION_CONDITIONS = DEBUG;
				SWIFT_OPTIMIZATION_LEVEL = "-Onone";
				TARGETED_DEVICE_FAMILY = "1,2";
			};
			name = Debug;
		};
		D75BB86A1F0BBB20008127D6 /* Release */ = {
			isa = XCBuildConfiguration;
			buildSettings = {
				ALWAYS_SEARCH_USER_PATHS = NO;
				CLANG_ANALYZER_NONNULL = YES;
				CLANG_ANALYZER_NUMBER_OBJECT_CONVERSION = YES_AGGRESSIVE;
				CLANG_CXX_LANGUAGE_STANDARD = "gnu++0x";
				CLANG_CXX_LIBRARY = "libc++";
				CLANG_ENABLE_MODULES = YES;
				CLANG_ENABLE_OBJC_ARC = YES;
				CLANG_WARN_BOOL_CONVERSION = YES;
				CLANG_WARN_CONSTANT_CONVERSION = YES;
				CLANG_WARN_DIRECT_OBJC_ISA_USAGE = YES_ERROR;
				CLANG_WARN_DOCUMENTATION_COMMENTS = YES;
				CLANG_WARN_EMPTY_BODY = YES;
				CLANG_WARN_ENUM_CONVERSION = YES;
				CLANG_WARN_INFINITE_RECURSION = YES;
				CLANG_WARN_INT_CONVERSION = YES;
				CLANG_WARN_OBJC_ROOT_CLASS = YES_ERROR;
				CLANG_WARN_SUSPICIOUS_MOVE = YES;
				CLANG_WARN_UNREACHABLE_CODE = YES;
				CLANG_WARN__DUPLICATE_METHOD_MATCH = YES;
				"CODE_SIGN_IDENTITY[sdk=iphoneos*]" = "iPhone Developer";
				COPY_PHASE_STRIP = NO;
				DEBUG_INFORMATION_FORMAT = "dwarf-with-dsym";
				ENABLE_NS_ASSERTIONS = NO;
				ENABLE_STRICT_OBJC_MSGSEND = YES;
				GCC_C_LANGUAGE_STANDARD = gnu99;
				GCC_NO_COMMON_BLOCKS = YES;
				GCC_WARN_64_TO_32_BIT_CONVERSION = YES;
				GCC_WARN_ABOUT_RETURN_TYPE = YES_ERROR;
				GCC_WARN_UNDECLARED_SELECTOR = YES;
				GCC_WARN_UNINITIALIZED_AUTOS = YES_AGGRESSIVE;
				GCC_WARN_UNUSED_FUNCTION = YES;
				GCC_WARN_UNUSED_VARIABLE = YES;
				IPHONEOS_DEPLOYMENT_TARGET = 10.3;
				MTL_ENABLE_DEBUG_INFO = NO;
				SDKROOT = iphoneos;
				SWIFT_OPTIMIZATION_LEVEL = "-Owholemodule";
				TARGETED_DEVICE_FAMILY = "1,2";
				VALIDATE_PRODUCT = YES;
			};
			name = Release;
		};
		D75BB86C1F0BBB20008127D6 /* Debug */ = {
			isa = XCBuildConfiguration;
			baseConfigurationReference = FCC6AE3FBD465958582A216D /* Pods-MySeries.debug.xcconfig */;
			buildSettings = {
				ALWAYS_EMBED_SWIFT_STANDARD_LIBRARIES = YES;
				ASSETCATALOG_COMPILER_APPICON_NAME = AppIcon;
				DEVELOPMENT_TEAM = Y799YUNDK5;
				INFOPLIST_FILE = MySeries/Info.plist;
				LD_RUNPATH_SEARCH_PATHS = "$(inherited) @executable_path/Frameworks";
				PRODUCT_BUNDLE_IDENTIFIER = br.com.wooba.MySeries;
				PRODUCT_NAME = "$(TARGET_NAME)";
				SWIFT_VERSION = 3.0;
			};
			name = Debug;
		};
		D75BB86D1F0BBB20008127D6 /* Release */ = {
			isa = XCBuildConfiguration;
			baseConfigurationReference = A33B87021F287C737A135160 /* Pods-MySeries.release.xcconfig */;
			buildSettings = {
				ALWAYS_EMBED_SWIFT_STANDARD_LIBRARIES = YES;
				ASSETCATALOG_COMPILER_APPICON_NAME = AppIcon;
				DEVELOPMENT_TEAM = Y799YUNDK5;
				INFOPLIST_FILE = MySeries/Info.plist;
				LD_RUNPATH_SEARCH_PATHS = "$(inherited) @executable_path/Frameworks";
				PRODUCT_BUNDLE_IDENTIFIER = br.com.wooba.MySeries;
				PRODUCT_NAME = "$(TARGET_NAME)";
				SWIFT_VERSION = 3.0;
			};
			name = Release;
		};
		D75BB86F1F0BBB20008127D6 /* Debug */ = {
			isa = XCBuildConfiguration;
			baseConfigurationReference = 659D4520D7181E831D4AD375 /* Pods-MySeriesTests.debug.xcconfig */;
			buildSettings = {
				ALWAYS_EMBED_SWIFT_STANDARD_LIBRARIES = YES;
				BUNDLE_LOADER = "$(TEST_HOST)";
				DEVELOPMENT_TEAM = Y799YUNDK5;
				INFOPLIST_FILE = MySeriesTests/Info.plist;
				LD_RUNPATH_SEARCH_PATHS = "$(inherited) @executable_path/Frameworks @loader_path/Frameworks";
				PRODUCT_BUNDLE_IDENTIFIER = br.com.wooba.MySeriesTests;
				PRODUCT_NAME = "$(TARGET_NAME)";
				SWIFT_VERSION = 3.0;
				TEST_HOST = "$(BUILT_PRODUCTS_DIR)/MySeries.app/MySeries";
			};
			name = Debug;
		};
		D75BB8701F0BBB20008127D6 /* Release */ = {
			isa = XCBuildConfiguration;
			baseConfigurationReference = 4E0F64A25DBBED0F5D5833D9 /* Pods-MySeriesTests.release.xcconfig */;
			buildSettings = {
				ALWAYS_EMBED_SWIFT_STANDARD_LIBRARIES = YES;
				BUNDLE_LOADER = "$(TEST_HOST)";
				DEVELOPMENT_TEAM = Y799YUNDK5;
				INFOPLIST_FILE = MySeriesTests/Info.plist;
				LD_RUNPATH_SEARCH_PATHS = "$(inherited) @executable_path/Frameworks @loader_path/Frameworks";
				PRODUCT_BUNDLE_IDENTIFIER = br.com.wooba.MySeriesTests;
				PRODUCT_NAME = "$(TARGET_NAME)";
				SWIFT_VERSION = 3.0;
				TEST_HOST = "$(BUILT_PRODUCTS_DIR)/MySeries.app/MySeries";
			};
			name = Release;
		};
		D75BB8721F0BBB20008127D6 /* Debug */ = {
			isa = XCBuildConfiguration;
			baseConfigurationReference = 54609B09D42F22477654C7DC /* Pods-MySeriesUITests.debug.xcconfig */;
			buildSettings = {
				ALWAYS_EMBED_SWIFT_STANDARD_LIBRARIES = YES;
				DEVELOPMENT_TEAM = Y799YUNDK5;
				INFOPLIST_FILE = MySeriesUITests/Info.plist;
				LD_RUNPATH_SEARCH_PATHS = "$(inherited) @executable_path/Frameworks @loader_path/Frameworks";
				PRODUCT_BUNDLE_IDENTIFIER = br.com.wooba.MySeriesUITests;
				PRODUCT_NAME = "$(TARGET_NAME)";
				SWIFT_VERSION = 3.0;
				TEST_TARGET_NAME = MySeries;
			};
			name = Debug;
		};
		D75BB8731F0BBB20008127D6 /* Release */ = {
			isa = XCBuildConfiguration;
			baseConfigurationReference = BFE5FD3FBD48208B5C29E0B9 /* Pods-MySeriesUITests.release.xcconfig */;
			buildSettings = {
				ALWAYS_EMBED_SWIFT_STANDARD_LIBRARIES = YES;
				DEVELOPMENT_TEAM = Y799YUNDK5;
				INFOPLIST_FILE = MySeriesUITests/Info.plist;
				LD_RUNPATH_SEARCH_PATHS = "$(inherited) @executable_path/Frameworks @loader_path/Frameworks";
				PRODUCT_BUNDLE_IDENTIFIER = br.com.wooba.MySeriesUITests;
				PRODUCT_NAME = "$(TARGET_NAME)";
				SWIFT_VERSION = 3.0;
				TEST_TARGET_NAME = MySeries;
			};
			name = Release;
		};
		D75BB8911F0BBBC5008127D6 /* Debug */ = {
			isa = XCBuildConfiguration;
			baseConfigurationReference = 2908B2E5694983A917C2B5C1 /* Pods-MySeriesFramework.debug.xcconfig */;
			buildSettings = {
				CLANG_ENABLE_MODULES = YES;
				CODE_SIGN_IDENTITY = "";
				CURRENT_PROJECT_VERSION = 1;
				DEFINES_MODULE = YES;
				DEVELOPMENT_TEAM = Y799YUNDK5;
				DYLIB_COMPATIBILITY_VERSION = 1;
				DYLIB_CURRENT_VERSION = 1;
				DYLIB_INSTALL_NAME_BASE = "@rpath";
				INFOPLIST_FILE = MySeriesFramework/Info.plist;
				INSTALL_PATH = "$(LOCAL_LIBRARY_DIR)/Frameworks";
				LD_RUNPATH_SEARCH_PATHS = "$(inherited) @executable_path/Frameworks @loader_path/Frameworks";
				PRODUCT_BUNDLE_IDENTIFIER = br.com.wooba.MySeriesFramework;
				PRODUCT_NAME = "$(TARGET_NAME)";
				SKIP_INSTALL = YES;
				SWIFT_OPTIMIZATION_LEVEL = "-Onone";
				SWIFT_VERSION = 3.0;
				VERSIONING_SYSTEM = "apple-generic";
				VERSION_INFO_PREFIX = "";
			};
			name = Debug;
		};
		D75BB8921F0BBBC5008127D6 /* Release */ = {
			isa = XCBuildConfiguration;
			baseConfigurationReference = 94D4B777BABA50B4095B91BC /* Pods-MySeriesFramework.release.xcconfig */;
			buildSettings = {
				CLANG_ENABLE_MODULES = YES;
				CODE_SIGN_IDENTITY = "";
				CURRENT_PROJECT_VERSION = 1;
				DEFINES_MODULE = YES;
				DEVELOPMENT_TEAM = Y799YUNDK5;
				DYLIB_COMPATIBILITY_VERSION = 1;
				DYLIB_CURRENT_VERSION = 1;
				DYLIB_INSTALL_NAME_BASE = "@rpath";
				INFOPLIST_FILE = MySeriesFramework/Info.plist;
				INSTALL_PATH = "$(LOCAL_LIBRARY_DIR)/Frameworks";
				LD_RUNPATH_SEARCH_PATHS = "$(inherited) @executable_path/Frameworks @loader_path/Frameworks";
				PRODUCT_BUNDLE_IDENTIFIER = br.com.wooba.MySeriesFramework;
				PRODUCT_NAME = "$(TARGET_NAME)";
				SKIP_INSTALL = YES;
				SWIFT_VERSION = 3.0;
				VERSIONING_SYSTEM = "apple-generic";
				VERSION_INFO_PREFIX = "";
			};
			name = Release;
		};
		D75BB8951F0BBBC5008127D6 /* Debug */ = {
			isa = XCBuildConfiguration;
			baseConfigurationReference = ABCFB5C00F49A4ED75E2E907 /* Pods-MySeriesFrameworkTests.debug.xcconfig */;
			buildSettings = {
				ALWAYS_EMBED_SWIFT_STANDARD_LIBRARIES = YES;
				CLANG_ENABLE_MODULES = YES;
				DEVELOPMENT_TEAM = Y799YUNDK5;
				INFOPLIST_FILE = MySeriesFrameworkTests/Info.plist;
				LD_RUNPATH_SEARCH_PATHS = "$(inherited) @executable_path/Frameworks @loader_path/Frameworks";
				PRODUCT_BUNDLE_IDENTIFIER = br.com.wooba.MySeriesFrameworkTests;
				PRODUCT_NAME = "$(TARGET_NAME)";
				SWIFT_OPTIMIZATION_LEVEL = "-Onone";
				SWIFT_VERSION = 3.0;
				TEST_HOST = "$(BUILT_PRODUCTS_DIR)/MySeries.app/MySeries";
			};
			name = Debug;
		};
		D75BB8961F0BBBC5008127D6 /* Release */ = {
			isa = XCBuildConfiguration;
			baseConfigurationReference = B3336CECF13B6A6D780F4FB8 /* Pods-MySeriesFrameworkTests.release.xcconfig */;
			buildSettings = {
				ALWAYS_EMBED_SWIFT_STANDARD_LIBRARIES = YES;
				CLANG_ENABLE_MODULES = YES;
				DEVELOPMENT_TEAM = Y799YUNDK5;
				INFOPLIST_FILE = MySeriesFrameworkTests/Info.plist;
				LD_RUNPATH_SEARCH_PATHS = "$(inherited) @executable_path/Frameworks @loader_path/Frameworks";
				PRODUCT_BUNDLE_IDENTIFIER = br.com.wooba.MySeriesFrameworkTests;
				PRODUCT_NAME = "$(TARGET_NAME)";
				SWIFT_VERSION = 3.0;
				TEST_HOST = "$(BUILT_PRODUCTS_DIR)/MySeries.app/MySeries";
			};
			name = Release;
		};
/* End XCBuildConfiguration section */

/* Begin XCConfigurationList section */
		D75BB83E1F0BBB1F008127D6 /* Build configuration list for PBXProject "MySeries" */ = {
			isa = XCConfigurationList;
			buildConfigurations = (
				D75BB8691F0BBB20008127D6 /* Debug */,
				D75BB86A1F0BBB20008127D6 /* Release */,
			);
			defaultConfigurationIsVisible = 0;
			defaultConfigurationName = Release;
		};
		D75BB86B1F0BBB20008127D6 /* Build configuration list for PBXNativeTarget "MySeries" */ = {
			isa = XCConfigurationList;
			buildConfigurations = (
				D75BB86C1F0BBB20008127D6 /* Debug */,
				D75BB86D1F0BBB20008127D6 /* Release */,
			);
			defaultConfigurationIsVisible = 0;
			defaultConfigurationName = Release;
		};
		D75BB86E1F0BBB20008127D6 /* Build configuration list for PBXNativeTarget "MySeriesTests" */ = {
			isa = XCConfigurationList;
			buildConfigurations = (
				D75BB86F1F0BBB20008127D6 /* Debug */,
				D75BB8701F0BBB20008127D6 /* Release */,
			);
			defaultConfigurationIsVisible = 0;
			defaultConfigurationName = Release;
		};
		D75BB8711F0BBB20008127D6 /* Build configuration list for PBXNativeTarget "MySeriesUITests" */ = {
			isa = XCConfigurationList;
			buildConfigurations = (
				D75BB8721F0BBB20008127D6 /* Debug */,
				D75BB8731F0BBB20008127D6 /* Release */,
			);
			defaultConfigurationIsVisible = 0;
			defaultConfigurationName = Release;
		};
		D75BB8901F0BBBC5008127D6 /* Build configuration list for PBXNativeTarget "MySeriesFramework" */ = {
			isa = XCConfigurationList;
			buildConfigurations = (
				D75BB8911F0BBBC5008127D6 /* Debug */,
				D75BB8921F0BBBC5008127D6 /* Release */,
			);
			defaultConfigurationIsVisible = 0;
			defaultConfigurationName = Release;
		};
		D75BB8941F0BBBC5008127D6 /* Build configuration list for PBXNativeTarget "MySeriesFrameworkTests" */ = {
			isa = XCConfigurationList;
			buildConfigurations = (
				D75BB8951F0BBBC5008127D6 /* Debug */,
				D75BB8961F0BBBC5008127D6 /* Release */,
			);
			defaultConfigurationIsVisible = 0;
			defaultConfigurationName = Release;
		};
/* End XCConfigurationList section */
	};
	rootObject = D75BB83B1F0BBB1F008127D6 /* Project object */;
}
